// !$*UTF8*$!
{
	archiveVersion = 1;
	classes = {
	};
	objectVersion = 42;
	objects = {

/* Begin PBXBuildFile section */
		C40F5709080EB832000F8813 /* sigc++.framework in Frameworks */ = {isa = PBXBuildFile; fileRef = C4BD59C806AAA0F20039CF5E /* sigc++.framework */; };
		C438300E06BEFECA0092C3C7 /* Account.cpp in Sources */ = {isa = PBXBuildFile; fileRef = C438300C06BEFECA0092C3C7 /* Account.cpp */; };
		C438300F06BEFECA0092C3C7 /* Account.h in Headers */ = {isa = PBXBuildFile; fileRef = C438300D06BEFECA0092C3C7 /* Account.h */; settings = {ATTRIBUTES = (Public, ); }; };
		C43A91470604E066004FFDC2 /* tests.cpp in Sources */ = {isa = PBXBuildFile; fileRef = C43A913E0604E02D004FFDC2 /* tests.cpp */; };
		C43A91490604E069004FFDC2 /* stubServer.cpp in Sources */ = {isa = PBXBuildFile; fileRef = C4AD291F05FA259900AFB402 /* stubServer.cpp */; };
		C43A914A0604E06C004FFDC2 /* clientConnection.cpp in Sources */ = {isa = PBXBuildFile; fileRef = C47BF18C0600F42E00CC2146 /* clientConnection.cpp */; };
		C43A914B0604E06F004FFDC2 /* stubServer.h in Headers */ = {isa = PBXBuildFile; fileRef = C4AD292005FA259900AFB402 /* stubServer.h */; };
		C43A914D0604E073004FFDC2 /* clientConnection.h in Headers */ = {isa = PBXBuildFile; fileRef = C47BF1800600F1DD00CC2146 /* clientConnection.h */; };
		C43FF771087316E3007A492C /* netTests.cpp in Sources */ = {isa = PBXBuildFile; fileRef = C43FF770087316E3007A492C /* netTests.cpp */; };
		C43FF77A0873175A007A492C /* signalHelpers.h in Headers */ = {isa = PBXBuildFile; fileRef = C43FF7790873175A007A492C /* signalHelpers.h */; };
		C43FF784087317CE007A492C /* setupHelpers.h in Headers */ = {isa = PBXBuildFile; fileRef = C43FF783087317CE007A492C /* setupHelpers.h */; };
		C43FF788087317E1007A492C /* setupHelpers.cpp in Sources */ = {isa = PBXBuildFile; fileRef = C43FF787087317E1007A492C /* setupHelpers.cpp */; };
		C43FF79C0873191F007A492C /* testOutOfGame.h in Headers */ = {isa = PBXBuildFile; fileRef = C43FF79B0873191F007A492C /* testOutOfGame.h */; };
		C43FF7A308731933007A492C /* testOutOfGame.cpp in Sources */ = {isa = PBXBuildFile; fileRef = C43FF7A208731933007A492C /* testOutOfGame.cpp */; };
		C43FF7D208731BA2007A492C /* netTests.h in Headers */ = {isa = PBXBuildFile; fileRef = C43FF7D108731BA2007A492C /* netTests.h */; };
		C44CB71B070A240C000DCC7E /* controller.cpp in Sources */ = {isa = PBXBuildFile; fileRef = C44CB71A070A240C000DCC7E /* controller.cpp */; };
		C44EC502096AF42300A2750D /* Alarm.h in Headers */ = {isa = PBXBuildFile; fileRef = C44EC501096AF42300A2750D /* Alarm.h */; settings = {ATTRIBUTES = (Public, ); }; };
		C44EC50A096AF51900A2750D /* Alarm.cpp in Sources */ = {isa = PBXBuildFile; fileRef = C44EC509096AF51900A2750D /* Alarm.cpp */; };
		C45720220950CD8800BCD779 /* Calendar.cpp in Sources */ = {isa = PBXBuildFile; fileRef = C45720210950CD8800BCD779 /* Calendar.cpp */; };
		C45BA22E08C5932500FCB602 /* wfmath.framework in Frameworks */ = {isa = PBXBuildFile; fileRef = C4E4B1DC0876A09500E0869F /* wfmath.framework */; };
		C45BA22F08C5932900FCB602 /* Atlas.framework in Frameworks */ = {isa = PBXBuildFile; fileRef = C4E4B1CE0876A09500E0869F /* Atlas.framework */; };
		C45BA23008C5932F00FCB602 /* skstream.framework in Frameworks */ = {isa = PBXBuildFile; fileRef = C4E4B18C08769EC700E0869F /* skstream.framework */; };
		C45D31A6063C4795001112F7 /* EntityRouter.cpp in Sources */ = {isa = PBXBuildFile; fileRef = C45D3199063C4795001112F7 /* EntityRouter.cpp */; };
		C45D31A7063C4795001112F7 /* EntityRouter.h in Headers */ = {isa = PBXBuildFile; fileRef = C45D319A063C4795001112F7 /* EntityRouter.h */; };
		C45D31A8063C4795001112F7 /* Factory.cpp in Sources */ = {isa = PBXBuildFile; fileRef = C45D319B063C4795001112F7 /* Factory.cpp */; };
		C45D31A9063C4795001112F7 /* IGRouter.cpp in Sources */ = {isa = PBXBuildFile; fileRef = C45D319C063C4795001112F7 /* IGRouter.cpp */; };
		C45D31AA063C4795001112F7 /* IGRouter.h in Headers */ = {isa = PBXBuildFile; fileRef = C45D319D063C4795001112F7 /* IGRouter.h */; };
		C45D31AB063C4795001112F7 /* LogStream.h in Headers */ = {isa = PBXBuildFile; fileRef = C45D319E063C4795001112F7 /* LogStream.h */; settings = {ATTRIBUTES = (Public, ); }; };
		C45D31AC063C4795001112F7 /* Redispatch.cpp in Sources */ = {isa = PBXBuildFile; fileRef = C45D319F063C4795001112F7 /* Redispatch.cpp */; };
		C45D31AD063C4795001112F7 /* Redispatch.h in Headers */ = {isa = PBXBuildFile; fileRef = C45D31A0063C4795001112F7 /* Redispatch.h */; };
		C45D31AE063C4795001112F7 /* Router.cpp in Sources */ = {isa = PBXBuildFile; fileRef = C45D31A1063C4795001112F7 /* Router.cpp */; };
		C45D31AF063C4795001112F7 /* TypeService.cpp in Sources */ = {isa = PBXBuildFile; fileRef = C45D31A2063C4795001112F7 /* TypeService.cpp */; };
		C45D31B0063C4795001112F7 /* TypeService.h in Headers */ = {isa = PBXBuildFile; fileRef = C45D31A3063C4795001112F7 /* TypeService.h */; settings = {ATTRIBUTES = (Public, ); }; };
		C45D31B1063C4795001112F7 /* View.cpp in Sources */ = {isa = PBXBuildFile; fileRef = C45D31A4063C4795001112F7 /* View.cpp */; };
		C45D31B2063C4795001112F7 /* View.h in Headers */ = {isa = PBXBuildFile; fileRef = C45D31A5063C4795001112F7 /* View.h */; settings = {ATTRIBUTES = (Public, ); }; };
		C45D31B8063C48D3001112F7 /* Router.h in Headers */ = {isa = PBXBuildFile; fileRef = C45D31B7063C48D3001112F7 /* Router.h */; settings = {ATTRIBUTES = (Private, ); }; };
		C45DC3EA0562F83D00D8F8F4 /* Avatar.h in Headers */ = {isa = PBXBuildFile; fileRef = C43FBD1C054315F3008FC2ED /* Avatar.h */; settings = {ATTRIBUTES = (Public, ); }; };
		C45DC3EB0562F83D00D8F8F4 /* BaseConnection.h in Headers */ = {isa = PBXBuildFile; fileRef = C43FBD20054315F3008FC2ED /* BaseConnection.h */; settings = {ATTRIBUTES = (Private, ); }; };
		C45DC3ED0562F83D00D8F8F4 /* Connection.h in Headers */ = {isa = PBXBuildFile; fileRef = C43FBD28054315F3008FC2ED /* Connection.h */; settings = {ATTRIBUTES = (Public, ); }; };
		C45DC3F10562F83D00D8F8F4 /* Entity.h in Headers */ = {isa = PBXBuildFile; fileRef = C43FBD35054315F3008FC2ED /* Entity.h */; settings = {ATTRIBUTES = (Public, ); }; };
		C45DC3F20562F83D00D8F8F4 /* Factory.h in Headers */ = {isa = PBXBuildFile; fileRef = C43FBD38054315F3008FC2ED /* Factory.h */; settings = {ATTRIBUTES = (Public, ); }; };
		C45DC3F50562F83D00D8F8F4 /* Lobby.h in Headers */ = {isa = PBXBuildFile; fileRef = C43FBD40054315F4008FC2ED /* Lobby.h */; settings = {ATTRIBUTES = (Public, ); }; };
		C45DC3F60562F83D00D8F8F4 /* Log.h in Headers */ = {isa = PBXBuildFile; fileRef = C43FBD44054315F4008FC2ED /* Log.h */; settings = {ATTRIBUTES = (Public, ); }; };
		C45DC3F70562F83D00D8F8F4 /* MetaQuery.h in Headers */ = {isa = PBXBuildFile; fileRef = C43FBD4B054315F4008FC2ED /* MetaQuery.h */; settings = {ATTRIBUTES = (Private, ); }; };
		C45DC3F80562F83D00D8F8F4 /* Metaserver.h in Headers */ = {isa = PBXBuildFile; fileRef = C43FBD4F054315F4008FC2ED /* Metaserver.h */; settings = {ATTRIBUTES = (Public, ); }; };
		C45DC3FA0562F83D00D8F8F4 /* Person.h in Headers */ = {isa = PBXBuildFile; fileRef = C43FBD54054315F4008FC2ED /* Person.h */; settings = {ATTRIBUTES = (Public, ); }; };
		C45DC3FC0562F83D00D8F8F4 /* Poll.h in Headers */ = {isa = PBXBuildFile; fileRef = C43FBD5B054315F4008FC2ED /* Poll.h */; settings = {ATTRIBUTES = (Public, ); }; };
		C45DC3FD0562F83D00D8F8F4 /* PollDefault.h in Headers */ = {isa = PBXBuildFile; fileRef = C43FBD5D054315F4008FC2ED /* PollDefault.h */; settings = {ATTRIBUTES = (Public, ); }; };
		C45DC3FF0562F83D00D8F8F4 /* Room.h in Headers */ = {isa = PBXBuildFile; fileRef = C43FBD62054315F4008FC2ED /* Room.h */; settings = {ATTRIBUTES = (Public, ); }; };
		C45DC4000562F83D00D8F8F4 /* ServerInfo.h in Headers */ = {isa = PBXBuildFile; fileRef = C43FBD66054315F4008FC2ED /* ServerInfo.h */; settings = {ATTRIBUTES = (Public, ); }; };
		C45DC4020562F83D00D8F8F4 /* Timeout.h in Headers */ = {isa = PBXBuildFile; fileRef = C43FBD6B054315F4008FC2ED /* Timeout.h */; settings = {ATTRIBUTES = (Public, ); }; };
		C45DC4050562F83D00D8F8F4 /* TypeInfo.h in Headers */ = {isa = PBXBuildFile; fileRef = C43FBD74054315F4008FC2ED /* TypeInfo.h */; settings = {ATTRIBUTES = (Public, ); }; };
		C45DC4060562F83D00D8F8F4 /* Types.h in Headers */ = {isa = PBXBuildFile; fileRef = C43FBD78054315F4008FC2ED /* Types.h */; settings = {ATTRIBUTES = (Public, ); }; };
		C45DC40B0562F83D00D8F8F4 /* PollGlib.h in Headers */ = {isa = PBXBuildFile; fileRef = C437AF410562987C00ACFA1E /* PollGlib.h */; settings = {ATTRIBUTES = (Public, ); }; };
		C45DC40C0562F83D00D8F8F4 /* PollGlibFD.h in Headers */ = {isa = PBXBuildFile; fileRef = C437AF420562987C00ACFA1E /* PollGlibFD.h */; settings = {ATTRIBUTES = (Private, ); }; };
		C45DC40D0562F83D00D8F8F4 /* PollGlibSource.h in Headers */ = {isa = PBXBuildFile; fileRef = C437AF430562987C00ACFA1E /* PollGlibSource.h */; settings = {ATTRIBUTES = (Private, ); }; };
		C45DC40E0562F83D00D8F8F4 /* PollGlibVersion.h in Headers */ = {isa = PBXBuildFile; fileRef = C437AF440562987C00ACFA1E /* PollGlibVersion.h */; settings = {ATTRIBUTES = (Private, ); }; };
		C45DC4110562F83D00D8F8F4 /* Avatar.cpp in Sources */ = {isa = PBXBuildFile; fileRef = C43FBD1B054315F3008FC2ED /* Avatar.cpp */; };
		C45DC4120562F83D00D8F8F4 /* BaseConnection.cpp in Sources */ = {isa = PBXBuildFile; fileRef = C43FBD1F054315F3008FC2ED /* BaseConnection.cpp */; };
		C45DC4140562F83D00D8F8F4 /* Connection.cpp in Sources */ = {isa = PBXBuildFile; fileRef = C43FBD27054315F3008FC2ED /* Connection.cpp */; };
		C45DC4170562F83D00D8F8F4 /* Entity.cpp in Sources */ = {isa = PBXBuildFile; fileRef = C43FBD34054315F3008FC2ED /* Entity.cpp */; };
		C45DC4190562F83D00D8F8F4 /* Lobby.cpp in Sources */ = {isa = PBXBuildFile; fileRef = C43FBD3F054315F4008FC2ED /* Lobby.cpp */; };
		C45DC41A0562F83D00D8F8F4 /* Log.cpp in Sources */ = {isa = PBXBuildFile; fileRef = C43FBD43054315F4008FC2ED /* Log.cpp */; };
		C45DC41B0562F83D00D8F8F4 /* MetaQuery.cpp in Sources */ = {isa = PBXBuildFile; fileRef = C43FBD4A054315F4008FC2ED /* MetaQuery.cpp */; };
		C45DC41C0562F83D00D8F8F4 /* Metaserver.cpp in Sources */ = {isa = PBXBuildFile; fileRef = C43FBD4E054315F4008FC2ED /* Metaserver.cpp */; };
		C45DC41D0562F83D00D8F8F4 /* Person.cpp in Sources */ = {isa = PBXBuildFile; fileRef = C43FBD53054315F4008FC2ED /* Person.cpp */; };
		C45DC41F0562F83D00D8F8F4 /* PollDefault.cpp in Sources */ = {isa = PBXBuildFile; fileRef = C43FBD5C054315F4008FC2ED /* PollDefault.cpp */; };
		C45DC4200562F83D00D8F8F4 /* Room.cpp in Sources */ = {isa = PBXBuildFile; fileRef = C43FBD61054315F4008FC2ED /* Room.cpp */; };
		C45DC4210562F83D00D8F8F4 /* ServerInfo.cpp in Sources */ = {isa = PBXBuildFile; fileRef = C43FBD65054315F4008FC2ED /* ServerInfo.cpp */; };
		C45DC4220562F83D00D8F8F4 /* Timeout.cpp in Sources */ = {isa = PBXBuildFile; fileRef = C43FBD6A054315F4008FC2ED /* Timeout.cpp */; };
		C45DC4230562F83D00D8F8F4 /* TypeInfo.cpp in Sources */ = {isa = PBXBuildFile; fileRef = C43FBD73054315F4008FC2ED /* TypeInfo.cpp */; };
		C45DC4240562F83D00D8F8F4 /* Types.cpp in Sources */ = {isa = PBXBuildFile; fileRef = C43FBD77054315F4008FC2ED /* Types.cpp */; };
		C474C8C5096346C400540EFB /* testUtils.cpp in Sources */ = {isa = PBXBuildFile; fileRef = C474C8C3096346C400540EFB /* testUtils.cpp */; };
		C474C8C6096346C400540EFB /* viewTest.h in Headers */ = {isa = PBXBuildFile; fileRef = C474C8C4096346C400540EFB /* viewTest.h */; };
		C48F3CBA0885C55700F81C77 /* viewTest.cpp in Sources */ = {isa = PBXBuildFile; fileRef = C48F3CB90885C55700F81C77 /* viewTest.cpp */; };
		C49A461A0965495A00F37E9B /* calendarTest.cpp in Sources */ = {isa = PBXBuildFile; fileRef = C49A46180965495A00F37E9B /* calendarTest.cpp */; };
		C49A461B0965495A00F37E9B /* calendarTest.h in Headers */ = {isa = PBXBuildFile; fileRef = C49A46190965495A00F37E9B /* calendarTest.h */; };
		C49E621F060B46740054632A /* objectSummary.h in Headers */ = {isa = PBXBuildFile; fileRef = C49E621E060B46740054632A /* objectSummary.h */; };
		C49E6224060B4FD80054632A /* testUtils.h in Headers */ = {isa = PBXBuildFile; fileRef = C49E6223060B4FD80054632A /* testUtils.h */; };
		C49FE44E096AAEF800F4F10C /* TimedEventService.h in Headers */ = {isa = PBXBuildFile; fileRef = C49FE44D096AAEF800F4F10C /* TimedEventService.h */; settings = {ATTRIBUTES = (Public, ); }; };
		C49FE455096AB05C00F4F10C /* TimedEventService.cpp in Sources */ = {isa = PBXBuildFile; fileRef = C49FE454096AB05C00F4F10C /* TimedEventService.cpp */; };
		C49FF8BC094F68130073E0F8 /* Operations.h in Headers */ = {isa = PBXBuildFile; fileRef = C49FF8BB094F68130073E0F8 /* Operations.h */; settings = {ATTRIBUTES = (Public, ); }; };
		C49FF8BE094F68270073E0F8 /* Operations.cpp in Sources */ = {isa = PBXBuildFile; fileRef = C49FF8BD094F68270073E0F8 /* Operations.cpp */; };
		C4AD293F05FA549000AFB402 /* metaQuery.cpp in Sources */ = {isa = PBXBuildFile; fileRef = C4AD293505FA53EA00AFB402 /* metaQuery.cpp */; };
		C4AD294905FA58E900AFB402 /* Eris.framework in Frameworks */ = {isa = PBXBuildFile; fileRef = C45DC4310562F83D00D8F8F4 /* Eris.framework */; };
		C4ADF6A4064ECA7D0074F881 /* commander.h in Headers */ = {isa = PBXBuildFile; fileRef = C4ADF6A3064ECA7D0074F881 /* commander.h */; };
		C4ADF6AD064ED5320074F881 /* commander.cpp in Sources */ = {isa = PBXBuildFile; fileRef = C4ADF6AC064ED5320074F881 /* commander.cpp */; };
		C4ADF7D006457A3500D3CCAC /* agent.cpp in Sources */ = {isa = PBXBuildFile; fileRef = C4ADF7CF06457A3500D3CCAC /* agent.cpp */; };
		C4ADF7D306457B6D00D3CCAC /* agent.h in Headers */ = {isa = PBXBuildFile; fileRef = C4ADF7D206457B6D00D3CCAC /* agent.h */; };
		C4B1B0310964190B00CE8BB7 /* avatarTest.cpp in Sources */ = {isa = PBXBuildFile; fileRef = C4B1B01D0964068C00CE8BB7 /* avatarTest.cpp */; };
		C4B1B0320964190C00CE8BB7 /* avatarTest.h in Headers */ = {isa = PBXBuildFile; fileRef = C4B1B01E0964068C00CE8BB7 /* avatarTest.h */; };
		C4B9D68A083A838800D846FC /* Calendar.h in Headers */ = {isa = PBXBuildFile; fileRef = C4B9D689083A838800D846FC /* Calendar.h */; settings = {ATTRIBUTES = (Public, ); }; };
		C4BD59C906AAA0F20039CF5E /* sigc++.framework in Frameworks */ = {isa = PBXBuildFile; fileRef = C4BD59C806AAA0F20039CF5E /* sigc++.framework */; };
		C4C5505307A6D43B00F59ED4 /* DeleteLater.cpp in Sources */ = {isa = PBXBuildFile; fileRef = C4C5505107A6D43B00F59ED4 /* DeleteLater.cpp */; };
		C4C5505407A6D43B00F59ED4 /* DeleteLater.h in Headers */ = {isa = PBXBuildFile; fileRef = C4C5505207A6D43B00F59ED4 /* DeleteLater.h */; settings = {ATTRIBUTES = (Public, ); }; };
		C4D586A9094AF2880069B5C7 /* EntityRef.cpp in Sources */ = {isa = PBXBuildFile; fileRef = C4D586A8094AF2880069B5C7 /* EntityRef.cpp */; };
		C4D586AB094AF2940069B5C7 /* EntityRef.h in Headers */ = {isa = PBXBuildFile; fileRef = C4D586AA094AF2940069B5C7 /* EntityRef.h */; settings = {ATTRIBUTES = (Public, ); }; };
		C4E4B2000876A16400E0869F /* Atlas.framework in Frameworks */ = {isa = PBXBuildFile; fileRef = C4E4B1CE0876A09500E0869F /* Atlas.framework */; };
		C4E4B2060876A17300E0869F /* wfmath.framework in Frameworks */ = {isa = PBXBuildFile; fileRef = C4E4B1DC0876A09500E0869F /* wfmath.framework */; };
		C4E4B2070876A17500E0869F /* skstream.framework in Frameworks */ = {isa = PBXBuildFile; fileRef = C4E4B18C08769EC700E0869F /* skstream.framework */; };
		C4E59E5A05C050D7003934C3 /* Exceptions.cpp in Sources */ = {isa = PBXBuildFile; fileRef = C4E59E5805C050D7003934C3 /* Exceptions.cpp */; };
		C4E59E5B05C050D7003934C3 /* Exceptions.h in Headers */ = {isa = PBXBuildFile; fileRef = C4E59E5905C050D7003934C3 /* Exceptions.h */; settings = {ATTRIBUTES = (Public, ); }; };
		C4E5CD44064CFF4B00EF7326 /* TypeBoundRedispatch.h in Headers */ = {isa = PBXBuildFile; fileRef = C4E5CD43064CFF4B00EF7326 /* TypeBoundRedispatch.h */; };
		C4E5CD47064CFFAF00EF7326 /* TypeBoundRedispatch.cpp in Sources */ = {isa = PBXBuildFile; fileRef = C4E5CD46064CFFAF00EF7326 /* TypeBoundRedispatch.cpp */; };
		C4E7DFFF0606733700721E8D /* Eris.framework in Frameworks */ = {isa = PBXBuildFile; fileRef = C45DC4310562F83D00D8F8F4 /* Eris.framework */; };
		C4E8F39707B6DDA500981FB2 /* Response.cpp in Sources */ = {isa = PBXBuildFile; fileRef = C4E8F39507B6DDA500981FB2 /* Response.cpp */; };
		C4E8F39807B6DDA500981FB2 /* Response.h in Headers */ = {isa = PBXBuildFile; fileRef = C4E8F39607B6DDA500981FB2 /* Response.h */; };
		C4F0C5910837FB4800C9FB48 /* sigc++.framework in Frameworks */ = {isa = PBXBuildFile; fileRef = C4BD59C806AAA0F20039CF5E /* sigc++.framework */; };
/* End PBXBuildFile section */

/* Begin PBXBuildStyle section */
		C43FBCE7054315B9008FC2ED /* Development */ = {
			isa = PBXBuildStyle;
			buildSettings = {
				COPY_PHASE_STRIP = NO;
				GCC_DYNAMIC_NO_PIC = NO;
				GCC_ENABLE_FIX_AND_CONTINUE = NO;
				GCC_GENERATE_DEBUGGING_SYMBOLS = YES;
				GCC_OPTIMIZATION_LEVEL = 0;
				ZERO_LINK = NO;
			};
			name = Development;
		};
		C43FBCE8054315B9008FC2ED /* Deployment */ = {
			isa = PBXBuildStyle;
			buildSettings = {
				COPY_PHASE_STRIP = YES;
				GCC_ENABLE_FIX_AND_CONTINUE = NO;
				ZERO_LINK = NO;
			};
			name = Deployment;
		};
/* End PBXBuildStyle section */

/* Begin PBXContainerItemProxy section */
		C45BA20708C5912200FCB602 /* PBXContainerItemProxy */ = {
			isa = PBXContainerItemProxy;
			containerPortal = C4E4B0260876989B00E0869F /* wfmath.xcodeproj */;
			proxyType = 1;
			remoteGlobalIDString = C4C5690D055AF2C400944C0F;
			remoteInfo = wfmath;
		};
		C45BA20908C5912200FCB602 /* PBXContainerItemProxy */ = {
			isa = PBXContainerItemProxy;
			containerPortal = C4E4B0430876989E00E0869F /* Atlas.xcodeproj */;
			proxyType = 1;
			remoteGlobalIDString = C4C5683A055AEFDB00944C0F;
			remoteInfo = Atlas;
		};
		C45BA20B08C5912200FCB602 /* PBXContainerItemProxy */ = {
			isa = PBXContainerItemProxy;
			containerPortal = C4E4B0190876989500E0869F /* Skstream.xcodeproj */;
			proxyType = 1;
			remoteGlobalIDString = C4C568AC055AF1D600944C0F;
			remoteInfo = skstream;
		};
		C45BA21408C5917B00FCB602 /* PBXContainerItemProxy */ = {
			isa = PBXContainerItemProxy;
			containerPortal = C4E4B0260876989B00E0869F /* wfmath.xcodeproj */;
			proxyType = 1;
			remoteGlobalIDString = C4C5690D055AF2C400944C0F;
			remoteInfo = wfmath;
		};
		C45BA21608C5917B00FCB602 /* PBXContainerItemProxy */ = {
			isa = PBXContainerItemProxy;
			containerPortal = C4E4B0430876989E00E0869F /* Atlas.xcodeproj */;
			proxyType = 1;
			remoteGlobalIDString = C4C5683A055AEFDB00944C0F;
			remoteInfo = Atlas;
		};
		C45BA21808C5917B00FCB602 /* PBXContainerItemProxy */ = {
			isa = PBXContainerItemProxy;
			containerPortal = C4E4B0190876989500E0869F /* Skstream.xcodeproj */;
			proxyType = 1;
			remoteGlobalIDString = C4C568AC055AF1D600944C0F;
			remoteInfo = skstream;
		};
		C4AD293D05FA548700AFB402 /* PBXContainerItemProxy */ = {
			isa = PBXContainerItemProxy;
			containerPortal = C43FBCE9054315B9008FC2ED /* Project object */;
			proxyType = 1;
			remoteGlobalIDString = C45DC3E60562F83D00D8F8F4;
			remoteInfo = eris;
		};
		C4E4B18B08769EC700E0869F /* PBXContainerItemProxy */ = {
			isa = PBXContainerItemProxy;
			containerPortal = C4E4B0190876989500E0869F /* Skstream.xcodeproj */;
			proxyType = 2;
			remoteGlobalIDString = C4C568BC055AF1D600944C0F;
			remoteInfo = skstream;
		};
		C4E4B18D08769EC700E0869F /* PBXContainerItemProxy */ = {
			isa = PBXContainerItemProxy;
			containerPortal = C4E4B0190876989500E0869F /* Skstream.xcodeproj */;
			proxyType = 2;
			remoteGlobalIDString = C4C568C8055AF1DC00944C0F;
			remoteInfo = Ping;
		};
		C4E4B1CD0876A09500E0869F /* PBXContainerItemProxy */ = {
			isa = PBXContainerItemProxy;
			containerPortal = C4E4B0430876989E00E0869F /* Atlas.xcodeproj */;
			proxyType = 2;
			remoteGlobalIDString = C4C5688D055AEFDB00944C0F;
			remoteInfo = Atlas;
		};
		C4E4B1CF0876A09500E0869F /* PBXContainerItemProxy */ = {
			isa = PBXContainerItemProxy;
			containerPortal = C4E4B0430876989E00E0869F /* Atlas.xcodeproj */;
			proxyType = 2;
			remoteGlobalIDString = C4A34EAE085C380C00ED3951;
			remoteInfo = decoderFactory;
		};
		C4E4B1DB0876A09500E0869F /* PBXContainerItemProxy */ = {
			isa = PBXContainerItemProxy;
			containerPortal = C4E4B0260876989B00E0869F /* wfmath.xcodeproj */;
			proxyType = 2;
			remoteGlobalIDString = C4C56943055AF2C400944C0F;
			remoteInfo = wfmath;
		};
		C4E4B1DD0876A09500E0869F /* PBXContainerItemProxy */ = {
			isa = PBXContainerItemProxy;
			containerPortal = C4E4B0260876989B00E0869F /* wfmath.xcodeproj */;
			proxyType = 2;
			remoteGlobalIDString = C4C5694E055AF2CB00944C0F;
			remoteInfo = testQuaternion;
		};
		C4E4B1DF0876A09500E0869F /* PBXContainerItemProxy */ = {
			isa = PBXContainerItemProxy;
			containerPortal = C4E4B0260876989B00E0869F /* wfmath.xcodeproj */;
			proxyType = 2;
			remoteGlobalIDString = C4C56AFA055AF62200944C0F;
			remoteInfo = polygonTest;
		};
		C4E4B1E10876A09500E0869F /* PBXContainerItemProxy */ = {
			isa = PBXContainerItemProxy;
			containerPortal = C4E4B0260876989B00E0869F /* wfmath.xcodeproj */;
			proxyType = 2;
			remoteGlobalIDString = C4C56B0A055AF62F00944C0F;
			remoteInfo = shapeTest;
		};
		C4E4B1E30876A09500E0869F /* PBXContainerItemProxy */ = {
			isa = PBXContainerItemProxy;
			containerPortal = C4E4B0260876989B00E0869F /* wfmath.xcodeproj */;
			proxyType = 2;
			remoteGlobalIDString = C4C56B2C055AF69F00944C0F;
			remoteInfo = vectorTest;
		};
		C4E4B1E50876A09500E0869F /* PBXContainerItemProxy */ = {
			isa = PBXContainerItemProxy;
			containerPortal = C4E4B0260876989B00E0869F /* wfmath.xcodeproj */;
			proxyType = 2;
			remoteGlobalIDString = C4C56B39055AF6AE00944C0F;
			remoteInfo = atlasTest;
		};
		C4E4B1E70876A09500E0869F /* PBXContainerItemProxy */ = {
			isa = PBXContainerItemProxy;
			containerPortal = C4E4B0260876989B00E0869F /* wfmath.xcodeproj */;
			proxyType = 2;
			remoteGlobalIDString = C447BEF805C5D8AA00C5675E;
			remoteInfo = timeTest;
		};
		C4E4B1FA0876A0C400E0869F /* PBXContainerItemProxy */ = {
			isa = PBXContainerItemProxy;
			containerPortal = C4E4B0260876989B00E0869F /* wfmath.xcodeproj */;
			proxyType = 1;
			remoteGlobalIDString = C4C5690D055AF2C400944C0F;
			remoteInfo = wfmath;
		};
		C4E4B1FC0876A0C400E0869F /* PBXContainerItemProxy */ = {
			isa = PBXContainerItemProxy;
			containerPortal = C4E4B0430876989E00E0869F /* Atlas.xcodeproj */;
			proxyType = 1;
			remoteGlobalIDString = C4C5683A055AEFDB00944C0F;
			remoteInfo = Atlas;
		};
		C4E4B1FE0876A0C400E0869F /* PBXContainerItemProxy */ = {
			isa = PBXContainerItemProxy;
			containerPortal = C4E4B0190876989500E0869F /* Skstream.xcodeproj */;
			proxyType = 1;
			remoteGlobalIDString = C4C568AC055AF1D600944C0F;
			remoteInfo = skstream;
		};
		C4E7E0020606735400721E8D /* PBXContainerItemProxy */ = {
			isa = PBXContainerItemProxy;
			containerPortal = C43FBCE9054315B9008FC2ED /* Project object */;
			proxyType = 1;
			remoteGlobalIDString = C45DC3E60562F83D00D8F8F4;
			remoteInfo = eris;
		};
/* End PBXContainerItemProxy section */

/* Begin PBXFileReference section */
		C437AF410562987C00ACFA1E /* PollGlib.h */ = {isa = PBXFileReference; fileEncoding = 30; lastKnownFileType = sourcecode.c.h; name = PollGlib.h; path = bindings/polls/glib/PollGlib.h; sourceTree = SOURCE_ROOT; };
		C437AF420562987C00ACFA1E /* PollGlibFD.h */ = {isa = PBXFileReference; fileEncoding = 30; lastKnownFileType = sourcecode.c.h; name = PollGlibFD.h; path = bindings/polls/glib/PollGlibFD.h; sourceTree = SOURCE_ROOT; };
		C437AF430562987C00ACFA1E /* PollGlibSource.h */ = {isa = PBXFileReference; fileEncoding = 30; lastKnownFileType = sourcecode.c.h; name = PollGlibSource.h; path = bindings/polls/glib/PollGlibSource.h; sourceTree = SOURCE_ROOT; };
		C437AF440562987C00ACFA1E /* PollGlibVersion.h */ = {isa = PBXFileReference; fileEncoding = 30; lastKnownFileType = sourcecode.c.h; name = PollGlibVersion.h; path = bindings/polls/glib/PollGlibVersion.h; sourceTree = SOURCE_ROOT; };
		C438300C06BEFECA0092C3C7 /* Account.cpp */ = {isa = PBXFileReference; fileEncoding = 30; lastKnownFileType = sourcecode.cpp.cpp; name = Account.cpp; path = Eris/Account.cpp; sourceTree = "<group>"; };
		C438300D06BEFECA0092C3C7 /* Account.h */ = {isa = PBXFileReference; fileEncoding = 30; lastKnownFileType = sourcecode.c.h; path = Account.h; sourceTree = "<group>"; };
		C43A913E0604E02D004FFDC2 /* tests.cpp */ = {isa = PBXFileReference; fileEncoding = 30; lastKnownFileType = sourcecode.cpp.cpp; path = tests.cpp; sourceTree = "<group>"; };
		C43A91440604E05C004FFDC2 /* tests */ = {isa = PBXFileReference; explicitFileType = "compiled.mach-o.executable"; includeInIndex = 0; path = tests; sourceTree = BUILT_PRODUCTS_DIR; };
		C43FBD1B054315F3008FC2ED /* Avatar.cpp */ = {isa = PBXFileReference; fileEncoding = 30; lastKnownFileType = sourcecode.cpp.cpp; name = Avatar.cpp; path = Eris/Avatar.cpp; sourceTree = "<group>"; };
		C43FBD1C054315F3008FC2ED /* Avatar.h */ = {isa = PBXFileReference; fileEncoding = 30; lastKnownFileType = sourcecode.c.h; path = Avatar.h; sourceTree = "<group>"; };
		C43FBD1F054315F3008FC2ED /* BaseConnection.cpp */ = {isa = PBXFileReference; fileEncoding = 30; lastKnownFileType = sourcecode.cpp.cpp; name = BaseConnection.cpp; path = Eris/BaseConnection.cpp; sourceTree = "<group>"; };
		C43FBD20054315F3008FC2ED /* BaseConnection.h */ = {isa = PBXFileReference; fileEncoding = 30; lastKnownFileType = sourcecode.c.h; path = BaseConnection.h; sourceTree = "<group>"; };
		C43FBD27054315F3008FC2ED /* Connection.cpp */ = {isa = PBXFileReference; fileEncoding = 30; lastKnownFileType = sourcecode.cpp.cpp; name = Connection.cpp; path = Eris/Connection.cpp; sourceTree = "<group>"; };
		C43FBD28054315F3008FC2ED /* Connection.h */ = {isa = PBXFileReference; fileEncoding = 30; lastKnownFileType = sourcecode.c.h; path = Connection.h; sourceTree = "<group>"; };
		C43FBD34054315F3008FC2ED /* Entity.cpp */ = {isa = PBXFileReference; fileEncoding = 30; lastKnownFileType = sourcecode.cpp.cpp; name = Entity.cpp; path = Eris/Entity.cpp; sourceTree = "<group>"; };
		C43FBD35054315F3008FC2ED /* Entity.h */ = {isa = PBXFileReference; fileEncoding = 30; lastKnownFileType = sourcecode.c.h; path = Entity.h; sourceTree = "<group>"; };
		C43FBD38054315F3008FC2ED /* Factory.h */ = {isa = PBXFileReference; fileEncoding = 30; lastKnownFileType = sourcecode.c.h; path = Factory.h; sourceTree = "<group>"; };
		C43FBD3F054315F4008FC2ED /* Lobby.cpp */ = {isa = PBXFileReference; fileEncoding = 30; lastKnownFileType = sourcecode.cpp.cpp; name = Lobby.cpp; path = Eris/Lobby.cpp; sourceTree = "<group>"; };
		C43FBD40054315F4008FC2ED /* Lobby.h */ = {isa = PBXFileReference; fileEncoding = 30; lastKnownFileType = sourcecode.c.h; path = Lobby.h; sourceTree = "<group>"; };
		C43FBD43054315F4008FC2ED /* Log.cpp */ = {isa = PBXFileReference; fileEncoding = 30; lastKnownFileType = sourcecode.cpp.cpp; name = Log.cpp; path = Eris/Log.cpp; sourceTree = "<group>"; };
		C43FBD44054315F4008FC2ED /* Log.h */ = {isa = PBXFileReference; fileEncoding = 30; lastKnownFileType = sourcecode.c.h; path = Log.h; sourceTree = "<group>"; };
		C43FBD4A054315F4008FC2ED /* MetaQuery.cpp */ = {isa = PBXFileReference; fileEncoding = 30; lastKnownFileType = sourcecode.cpp.cpp; name = MetaQuery.cpp; path = Eris/MetaQuery.cpp; sourceTree = "<group>"; };
		C43FBD4B054315F4008FC2ED /* MetaQuery.h */ = {isa = PBXFileReference; fileEncoding = 30; lastKnownFileType = sourcecode.c.h; path = MetaQuery.h; sourceTree = "<group>"; };
		C43FBD4E054315F4008FC2ED /* Metaserver.cpp */ = {isa = PBXFileReference; fileEncoding = 30; lastKnownFileType = sourcecode.cpp.cpp; name = Metaserver.cpp; path = Eris/Metaserver.cpp; sourceTree = "<group>"; };
		C43FBD4F054315F4008FC2ED /* Metaserver.h */ = {isa = PBXFileReference; fileEncoding = 30; lastKnownFileType = sourcecode.c.h; path = Metaserver.h; sourceTree = "<group>"; };
		C43FBD53054315F4008FC2ED /* Person.cpp */ = {isa = PBXFileReference; fileEncoding = 30; lastKnownFileType = sourcecode.cpp.cpp; name = Person.cpp; path = Eris/Person.cpp; sourceTree = "<group>"; };
		C43FBD54054315F4008FC2ED /* Person.h */ = {isa = PBXFileReference; fileEncoding = 30; lastKnownFileType = sourcecode.c.h; path = Person.h; sourceTree = "<group>"; };
		C43FBD5B054315F4008FC2ED /* Poll.h */ = {isa = PBXFileReference; fileEncoding = 30; lastKnownFileType = sourcecode.c.h; path = Poll.h; sourceTree = "<group>"; };
		C43FBD5C054315F4008FC2ED /* PollDefault.cpp */ = {isa = PBXFileReference; fileEncoding = 30; lastKnownFileType = sourcecode.cpp.cpp; name = PollDefault.cpp; path = Eris/PollDefault.cpp; sourceTree = "<group>"; };
		C43FBD5D054315F4008FC2ED /* PollDefault.h */ = {isa = PBXFileReference; fileEncoding = 30; lastKnownFileType = sourcecode.c.h; path = PollDefault.h; sourceTree = "<group>"; };
		C43FBD61054315F4008FC2ED /* Room.cpp */ = {isa = PBXFileReference; fileEncoding = 30; lastKnownFileType = sourcecode.cpp.cpp; name = Room.cpp; path = Eris/Room.cpp; sourceTree = "<group>"; };
		C43FBD62054315F4008FC2ED /* Room.h */ = {isa = PBXFileReference; fileEncoding = 30; lastKnownFileType = sourcecode.c.h; path = Room.h; sourceTree = "<group>"; };
		C43FBD65054315F4008FC2ED /* ServerInfo.cpp */ = {isa = PBXFileReference; fileEncoding = 30; lastKnownFileType = sourcecode.cpp.cpp; name = ServerInfo.cpp; path = Eris/ServerInfo.cpp; sourceTree = "<group>"; };
		C43FBD66054315F4008FC2ED /* ServerInfo.h */ = {isa = PBXFileReference; fileEncoding = 30; lastKnownFileType = sourcecode.c.h; path = ServerInfo.h; sourceTree = "<group>"; };
		C43FBD6A054315F4008FC2ED /* Timeout.cpp */ = {isa = PBXFileReference; fileEncoding = 30; lastKnownFileType = sourcecode.cpp.cpp; name = Timeout.cpp; path = Eris/Timeout.cpp; sourceTree = "<group>"; };
		C43FBD6B054315F4008FC2ED /* Timeout.h */ = {isa = PBXFileReference; fileEncoding = 30; lastKnownFileType = sourcecode.c.h; path = Timeout.h; sourceTree = "<group>"; };
		C43FBD73054315F4008FC2ED /* TypeInfo.cpp */ = {isa = PBXFileReference; fileEncoding = 30; lastKnownFileType = sourcecode.cpp.cpp; name = TypeInfo.cpp; path = Eris/TypeInfo.cpp; sourceTree = "<group>"; };
		C43FBD74054315F4008FC2ED /* TypeInfo.h */ = {isa = PBXFileReference; fileEncoding = 30; lastKnownFileType = sourcecode.c.h; path = TypeInfo.h; sourceTree = "<group>"; };
		C43FBD77054315F4008FC2ED /* Types.cpp */ = {isa = PBXFileReference; fileEncoding = 30; lastKnownFileType = sourcecode.cpp.cpp; name = Types.cpp; path = Eris/Types.cpp; sourceTree = "<group>"; };
		C43FBD78054315F4008FC2ED /* Types.h */ = {isa = PBXFileReference; fileEncoding = 30; lastKnownFileType = sourcecode.c.h; path = Types.h; sourceTree = "<group>"; };
		C43FBD7F054315F4008FC2ED /* UIFactory.cpp */ = {isa = PBXFileReference; fileEncoding = 30; lastKnownFileType = sourcecode.cpp.cpp; name = UIFactory.cpp; path = Eris/UIFactory.cpp; sourceTree = "<group>"; };
		C43FBD80054315F4008FC2ED /* UIFactory.h */ = {isa = PBXFileReference; fileEncoding = 30; lastKnownFileType = sourcecode.c.h; path = UIFactory.h; sourceTree = "<group>"; };
		C43FF770087316E3007A492C /* netTests.cpp */ = {isa = PBXFileReference; fileEncoding = 30; lastKnownFileType = sourcecode.cpp.cpp; path = netTests.cpp; sourceTree = "<group>"; };
		C43FF7790873175A007A492C /* signalHelpers.h */ = {isa = PBXFileReference; fileEncoding = 30; lastKnownFileType = sourcecode.c.h; path = signalHelpers.h; sourceTree = "<group>"; };
		C43FF783087317CE007A492C /* setupHelpers.h */ = {isa = PBXFileReference; fileEncoding = 30; lastKnownFileType = sourcecode.c.h; path = setupHelpers.h; sourceTree = "<group>"; };
		C43FF787087317E1007A492C /* setupHelpers.cpp */ = {isa = PBXFileReference; fileEncoding = 30; lastKnownFileType = sourcecode.cpp.cpp; path = setupHelpers.cpp; sourceTree = "<group>"; };
		C43FF79B0873191F007A492C /* testOutOfGame.h */ = {isa = PBXFileReference; fileEncoding = 30; lastKnownFileType = sourcecode.c.h; path = testOutOfGame.h; sourceTree = "<group>"; };
		C43FF7A208731933007A492C /* testOutOfGame.cpp */ = {isa = PBXFileReference; fileEncoding = 30; lastKnownFileType = sourcecode.cpp.cpp; path = testOutOfGame.cpp; sourceTree = "<group>"; };
		C43FF7D108731BA2007A492C /* netTests.h */ = {isa = PBXFileReference; fileEncoding = 30; lastKnownFileType = sourcecode.c.h; path = netTests.h; sourceTree = "<group>"; };
		C44CB71A070A240C000DCC7E /* controller.cpp */ = {isa = PBXFileReference; fileEncoding = 30; lastKnownFileType = sourcecode.cpp.cpp; path = controller.cpp; sourceTree = "<group>"; };
		C44EC501096AF42300A2750D /* Alarm.h */ = {isa = PBXFileReference; fileEncoding = 30; lastKnownFileType = sourcecode.c.h; path = Alarm.h; sourceTree = "<group>"; };
		C44EC509096AF51900A2750D /* Alarm.cpp */ = {isa = PBXFileReference; fileEncoding = 30; lastKnownFileType = sourcecode.cpp.cpp; name = Alarm.cpp; path = Eris/Alarm.cpp; sourceTree = "<group>"; };
		C45720210950CD8800BCD779 /* Calendar.cpp */ = {isa = PBXFileReference; fileEncoding = 30; lastKnownFileType = sourcecode.cpp.cpp; name = Calendar.cpp; path = Eris/Calendar.cpp; sourceTree = "<group>"; };
		C45D3199063C4795001112F7 /* EntityRouter.cpp */ = {isa = PBXFileReference; fileEncoding = 30; lastKnownFileType = sourcecode.cpp.cpp; name = EntityRouter.cpp; path = Eris/EntityRouter.cpp; sourceTree = "<group>"; };
		C45D319A063C4795001112F7 /* EntityRouter.h */ = {isa = PBXFileReference; fileEncoding = 30; lastKnownFileType = sourcecode.c.h; path = EntityRouter.h; sourceTree = "<group>"; };
		C45D319B063C4795001112F7 /* Factory.cpp */ = {isa = PBXFileReference; fileEncoding = 30; lastKnownFileType = sourcecode.cpp.cpp; name = Factory.cpp; path = Eris/Factory.cpp; sourceTree = "<group>"; };
		C45D319C063C4795001112F7 /* IGRouter.cpp */ = {isa = PBXFileReference; fileEncoding = 30; lastKnownFileType = sourcecode.cpp.cpp; name = IGRouter.cpp; path = Eris/IGRouter.cpp; sourceTree = "<group>"; };
		C45D319D063C4795001112F7 /* IGRouter.h */ = {isa = PBXFileReference; fileEncoding = 30; lastKnownFileType = sourcecode.c.h; path = IGRouter.h; sourceTree = "<group>"; };
		C45D319E063C4795001112F7 /* LogStream.h */ = {isa = PBXFileReference; fileEncoding = 30; lastKnownFileType = sourcecode.c.h; path = LogStream.h; sourceTree = "<group>"; };
		C45D319F063C4795001112F7 /* Redispatch.cpp */ = {isa = PBXFileReference; fileEncoding = 30; lastKnownFileType = sourcecode.cpp.cpp; name = Redispatch.cpp; path = Eris/Redispatch.cpp; sourceTree = "<group>"; };
		C45D31A0063C4795001112F7 /* Redispatch.h */ = {isa = PBXFileReference; fileEncoding = 30; lastKnownFileType = sourcecode.c.h; path = Redispatch.h; sourceTree = "<group>"; };
		C45D31A1063C4795001112F7 /* Router.cpp */ = {isa = PBXFileReference; fileEncoding = 30; lastKnownFileType = sourcecode.cpp.cpp; name = Router.cpp; path = Eris/Router.cpp; sourceTree = "<group>"; };
		C45D31A2063C4795001112F7 /* TypeService.cpp */ = {isa = PBXFileReference; fileEncoding = 30; lastKnownFileType = sourcecode.cpp.cpp; name = TypeService.cpp; path = Eris/TypeService.cpp; sourceTree = "<group>"; };
		C45D31A3063C4795001112F7 /* TypeService.h */ = {isa = PBXFileReference; fileEncoding = 30; lastKnownFileType = sourcecode.c.h; path = TypeService.h; sourceTree = "<group>"; };
		C45D31A4063C4795001112F7 /* View.cpp */ = {isa = PBXFileReference; fileEncoding = 30; lastKnownFileType = sourcecode.cpp.cpp; name = View.cpp; path = Eris/View.cpp; sourceTree = "<group>"; };
		C45D31A5063C4795001112F7 /* View.h */ = {isa = PBXFileReference; fileEncoding = 30; lastKnownFileType = sourcecode.c.h; path = View.h; sourceTree = "<group>"; };
		C45D31B7063C48D3001112F7 /* Router.h */ = {isa = PBXFileReference; fileEncoding = 30; lastKnownFileType = sourcecode.c.h; path = Router.h; sourceTree = "<group>"; };
		C45DC4310562F83D00D8F8F4 /* Eris.framework */ = {isa = PBXFileReference; explicitFileType = wrapper.framework; includeInIndex = 0; path = Eris.framework; sourceTree = BUILT_PRODUCTS_DIR; };
		C45DC7170564181900D8F8F4 /* ChangeLog */ = {isa = PBXFileReference; fileEncoding = 30; lastKnownFileType = text; path = ChangeLog; sourceTree = "<group>"; };
		C45DC7180564181900D8F8F4 /* README */ = {isa = PBXFileReference; fileEncoding = 30; lastKnownFileType = text; path = README; sourceTree = "<group>"; };
		C45DC7190564181900D8F8F4 /* TODO */ = {isa = PBXFileReference; fileEncoding = 30; lastKnownFileType = text; path = TODO; sourceTree = "<group>"; };
		C474C8C3096346C400540EFB /* testUtils.cpp */ = {isa = PBXFileReference; fileEncoding = 30; lastKnownFileType = sourcecode.cpp.cpp; path = testUtils.cpp; sourceTree = "<group>"; };
		C474C8C4096346C400540EFB /* viewTest.h */ = {isa = PBXFileReference; fileEncoding = 30; lastKnownFileType = sourcecode.c.h; path = viewTest.h; sourceTree = "<group>"; };
		C47BF1800600F1DD00CC2146 /* clientConnection.h */ = {isa = PBXFileReference; fileEncoding = 30; lastKnownFileType = sourcecode.c.h; name = clientConnection.h; path = test/clientConnection.h; sourceTree = SOURCE_ROOT; };
		C47BF18C0600F42E00CC2146 /* clientConnection.cpp */ = {isa = PBXFileReference; fileEncoding = 30; lastKnownFileType = sourcecode.cpp.cpp; path = clientConnection.cpp; sourceTree = "<group>"; };
		C48F3CB90885C55700F81C77 /* viewTest.cpp */ = {isa = PBXFileReference; fileEncoding = 30; lastKnownFileType = sourcecode.cpp.cpp; path = viewTest.cpp; sourceTree = "<group>"; };
		C49A46180965495A00F37E9B /* calendarTest.cpp */ = {isa = PBXFileReference; fileEncoding = 30; lastKnownFileType = sourcecode.cpp.cpp; path = calendarTest.cpp; sourceTree = "<group>"; };
		C49A46190965495A00F37E9B /* calendarTest.h */ = {isa = PBXFileReference; fileEncoding = 30; lastKnownFileType = sourcecode.c.h; path = calendarTest.h; sourceTree = "<group>"; };
		C49E621E060B46740054632A /* objectSummary.h */ = {isa = PBXFileReference; fileEncoding = 30; lastKnownFileType = sourcecode.c.h; path = objectSummary.h; sourceTree = "<group>"; };
		C49E6223060B4FD80054632A /* testUtils.h */ = {isa = PBXFileReference; fileEncoding = 30; lastKnownFileType = sourcecode.c.h; name = testUtils.h; path = test/testUtils.h; sourceTree = SOURCE_ROOT; };
		C49FE44D096AAEF800F4F10C /* TimedEventService.h */ = {isa = PBXFileReference; fileEncoding = 30; lastKnownFileType = sourcecode.c.h; path = TimedEventService.h; sourceTree = "<group>"; };
		C49FE454096AB05C00F4F10C /* TimedEventService.cpp */ = {isa = PBXFileReference; fileEncoding = 30; lastKnownFileType = sourcecode.cpp.cpp; name = TimedEventService.cpp; path = Eris/TimedEventService.cpp; sourceTree = "<group>"; };
		C49FF8BB094F68130073E0F8 /* Operations.h */ = {isa = PBXFileReference; fileEncoding = 30; lastKnownFileType = sourcecode.c.h; path = Operations.h; sourceTree = "<group>"; };
		C49FF8BD094F68270073E0F8 /* Operations.cpp */ = {isa = PBXFileReference; fileEncoding = 30; lastKnownFileType = sourcecode.cpp.cpp; name = Operations.cpp; path = Eris/Operations.cpp; sourceTree = "<group>"; };
		C4AD291F05FA259900AFB402 /* stubServer.cpp */ = {isa = PBXFileReference; fileEncoding = 30; lastKnownFileType = sourcecode.cpp.cpp; path = stubServer.cpp; sourceTree = "<group>"; };
		C4AD292005FA259900AFB402 /* stubServer.h */ = {isa = PBXFileReference; fileEncoding = 30; lastKnownFileType = sourcecode.c.h; path = stubServer.h; sourceTree = "<group>"; };
		C4AD293205FA32BD00AFB402 /* Testcases */ = {isa = PBXFileReference; fileEncoding = 30; lastKnownFileType = text; name = Testcases; path = docs/Testcases; sourceTree = SOURCE_ROOT; };
		C4AD293505FA53EA00AFB402 /* metaQuery.cpp */ = {isa = PBXFileReference; fileEncoding = 30; lastKnownFileType = sourcecode.cpp.cpp; path = metaQuery.cpp; sourceTree = "<group>"; };
		C4AD293B05FA547D00AFB402 /* metaQuery */ = {isa = PBXFileReference; explicitFileType = "compiled.mach-o.executable"; includeInIndex = 0; path = metaQuery; sourceTree = BUILT_PRODUCTS_DIR; };
		C4ADF6A3064ECA7D0074F881 /* commander.h */ = {isa = PBXFileReference; fileEncoding = 30; lastKnownFileType = sourcecode.c.h; path = commander.h; sourceTree = "<group>"; };
		C4ADF6AC064ED5320074F881 /* commander.cpp */ = {isa = PBXFileReference; fileEncoding = 30; lastKnownFileType = sourcecode.cpp.cpp; path = commander.cpp; sourceTree = "<group>"; };
		C4ADF7CF06457A3500D3CCAC /* agent.cpp */ = {isa = PBXFileReference; fileEncoding = 30; lastKnownFileType = sourcecode.cpp.cpp; path = agent.cpp; sourceTree = "<group>"; };
		C4ADF7D206457B6D00D3CCAC /* agent.h */ = {isa = PBXFileReference; fileEncoding = 30; lastKnownFileType = sourcecode.c.h; path = agent.h; sourceTree = "<group>"; };
		C4B1B01D0964068C00CE8BB7 /* avatarTest.cpp */ = {isa = PBXFileReference; fileEncoding = 30; lastKnownFileType = sourcecode.cpp.cpp; path = avatarTest.cpp; sourceTree = "<group>"; };
		C4B1B01E0964068C00CE8BB7 /* avatarTest.h */ = {isa = PBXFileReference; fileEncoding = 30; lastKnownFileType = sourcecode.c.h; path = avatarTest.h; sourceTree = "<group>"; };
		C4B9D689083A838800D846FC /* Calendar.h */ = {isa = PBXFileReference; fileEncoding = 30; lastKnownFileType = sourcecode.c.h; path = Calendar.h; sourceTree = "<group>"; };
		C4BD59C806AAA0F20039CF5E /* sigc++.framework */ = {isa = PBXFileReference; lastKnownFileType = wrapper.framework; name = "sigc++.framework"; path = "/Library/Frameworks/sigc++.framework"; sourceTree = "<absolute>"; };
		C4C5505107A6D43B00F59ED4 /* DeleteLater.cpp */ = {isa = PBXFileReference; fileEncoding = 30; lastKnownFileType = sourcecode.cpp.cpp; name = DeleteLater.cpp; path = Eris/DeleteLater.cpp; sourceTree = "<group>"; };
		C4C5505207A6D43B00F59ED4 /* DeleteLater.h */ = {isa = PBXFileReference; fileEncoding = 30; lastKnownFileType = sourcecode.c.h; path = DeleteLater.h; sourceTree = "<group>"; };
		C4D586A8094AF2880069B5C7 /* EntityRef.cpp */ = {isa = PBXFileReference; fileEncoding = 30; lastKnownFileType = sourcecode.cpp.cpp; name = EntityRef.cpp; path = Eris/EntityRef.cpp; sourceTree = "<group>"; };
		C4D586AA094AF2940069B5C7 /* EntityRef.h */ = {isa = PBXFileReference; fileEncoding = 30; lastKnownFileType = sourcecode.c.h; path = EntityRef.h; sourceTree = "<group>"; };
		C4E4B0190876989500E0869F /* Skstream.xcodeproj */ = {isa = PBXFileReference; lastKnownFileType = "wrapper.pb-project"; name = Skstream.xcodeproj; path = ../skstream/Skstream.xcodeproj; sourceTree = SOURCE_ROOT; };
		C4E4B0260876989B00E0869F /* wfmath.xcodeproj */ = {isa = PBXFileReference; lastKnownFileType = "wrapper.pb-project"; name = wfmath.xcodeproj; path = ../wfmath/wfmath.xcodeproj; sourceTree = SOURCE_ROOT; };
		C4E4B0430876989E00E0869F /* Atlas.xcodeproj */ = {isa = PBXFileReference; lastKnownFileType = "wrapper.pb-project"; name = Atlas.xcodeproj; path = "../Atlas-C++/Atlas.xcodeproj"; sourceTree = SOURCE_ROOT; };
		C4E59E5805C050D7003934C3 /* Exceptions.cpp */ = {isa = PBXFileReference; fileEncoding = 30; lastKnownFileType = sourcecode.cpp.cpp; name = Exceptions.cpp; path = Eris/Exceptions.cpp; sourceTree = "<group>"; };
		C4E59E5905C050D7003934C3 /* Exceptions.h */ = {isa = PBXFileReference; fileEncoding = 30; lastKnownFileType = sourcecode.c.h; path = Exceptions.h; sourceTree = "<group>"; };
		C4E5CD43064CFF4B00EF7326 /* TypeBoundRedispatch.h */ = {isa = PBXFileReference; fileEncoding = 30; lastKnownFileType = sourcecode.c.h; path = TypeBoundRedispatch.h; sourceTree = "<group>"; };
		C4E5CD46064CFFAF00EF7326 /* TypeBoundRedispatch.cpp */ = {isa = PBXFileReference; fileEncoding = 30; lastKnownFileType = sourcecode.cpp.cpp; name = TypeBoundRedispatch.cpp; path = Eris/TypeBoundRedispatch.cpp; sourceTree = "<group>"; };
		C4E8F39507B6DDA500981FB2 /* Response.cpp */ = {isa = PBXFileReference; fileEncoding = 30; lastKnownFileType = sourcecode.cpp.cpp; name = Response.cpp; path = Eris/Response.cpp; sourceTree = "<group>"; };
		C4E8F39607B6DDA500981FB2 /* Response.h */ = {isa = PBXFileReference; fileEncoding = 30; lastKnownFileType = sourcecode.c.h; path = Response.h; sourceTree = "<group>"; };
/* End PBXFileReference section */

/* Begin PBXFrameworksBuildPhase section */
		C45DC4290562F83D00D8F8F4 /* Frameworks */ = {
			isa = PBXFrameworksBuildPhase;
			buildActionMask = 2147483647;
			files = (
				C4BD59C906AAA0F20039CF5E /* sigc++.framework in Frameworks */,
				C4E4B2000876A16400E0869F /* Atlas.framework in Frameworks */,
				C4E4B2060876A17300E0869F /* wfmath.framework in Frameworks */,
				C4E4B2070876A17500E0869F /* skstream.framework in Frameworks */,
			);
			runOnlyForDeploymentPostprocessing = 0;
		};
		C4AD294705FA58E400AFB402 /* Frameworks */ = {
			isa = PBXFrameworksBuildPhase;
			buildActionMask = 2147483647;
			files = (
				C4F0C5910837FB4800C9FB48 /* sigc++.framework in Frameworks */,
				C4AD294905FA58E900AFB402 /* Eris.framework in Frameworks */,
			);
			runOnlyForDeploymentPostprocessing = 0;
		};
		C4E7DFC90606732B00721E8D /* Frameworks */ = {
			isa = PBXFrameworksBuildPhase;
			buildActionMask = 2147483647;
			files = (
				C45BA23008C5932F00FCB602 /* skstream.framework in Frameworks */,
				C45BA22F08C5932900FCB602 /* Atlas.framework in Frameworks */,
				C45BA22E08C5932500FCB602 /* wfmath.framework in Frameworks */,
				C40F5709080EB832000F8813 /* sigc++.framework in Frameworks */,
				C4E7DFFF0606733700721E8D /* Eris.framework in Frameworks */,
			);
			runOnlyForDeploymentPostprocessing = 0;
		};
/* End PBXFrameworksBuildPhase section */

/* Begin PBXGroup section */
		C43FBCE5054315B9008FC2ED = {
			isa = PBXGroup;
			children = (
				C43FBE250543162E008FC2ED /* Frameworks */,
				C45DC712056417FC00D8F8F4 /* Documentation */,
				C4BB15920544A6C100A800CF /* Source */,
				C43FBCF2054315F2008FC2ED /* Headers */,
				C4AD291A05FA259900AFB402 /* test */,
				C43FBCF1054315C5008FC2ED /* Products */,
			);
			sourceTree = "<group>";
		};
		C43FBCF1054315C5008FC2ED /* Products */ = {
			isa = PBXGroup;
			children = (
				C45DC4310562F83D00D8F8F4 /* Eris.framework */,
				C4AD293B05FA547D00AFB402 /* metaQuery */,
				C43A91440604E05C004FFDC2 /* tests */,
			);
			name = Products;
			sourceTree = "<group>";
		};
		C43FBCF2054315F2008FC2ED /* Headers */ = {
			isa = PBXGroup;
			children = (
				C44EC501096AF42300A2750D /* Alarm.h */,
				C49FE44D096AAEF800F4F10C /* TimedEventService.h */,
				C49FF8BB094F68130073E0F8 /* Operations.h */,
				C4D586AA094AF2940069B5C7 /* EntityRef.h */,
				C4B9D689083A838800D846FC /* Calendar.h */,
				C4E8F39607B6DDA500981FB2 /* Response.h */,
				C4C5505207A6D43B00F59ED4 /* DeleteLater.h */,
				C438300D06BEFECA0092C3C7 /* Account.h */,
				C4E5CD43064CFF4B00EF7326 /* TypeBoundRedispatch.h */,
				C43FBD1C054315F3008FC2ED /* Avatar.h */,
				C43FBD20054315F3008FC2ED /* BaseConnection.h */,
				C43FBD28054315F3008FC2ED /* Connection.h */,
				C43FBD35054315F3008FC2ED /* Entity.h */,
				C45D319A063C4795001112F7 /* EntityRouter.h */,
				C4E59E5905C050D7003934C3 /* Exceptions.h */,
				C43FBD38054315F3008FC2ED /* Factory.h */,
				C45D319D063C4795001112F7 /* IGRouter.h */,
				C43FBD40054315F4008FC2ED /* Lobby.h */,
				C43FBD44054315F4008FC2ED /* Log.h */,
				C45D319E063C4795001112F7 /* LogStream.h */,
				C43FBD4B054315F4008FC2ED /* MetaQuery.h */,
				C43FBD4F054315F4008FC2ED /* Metaserver.h */,
				C43FBD54054315F4008FC2ED /* Person.h */,
				C43FBD5B054315F4008FC2ED /* Poll.h */,
				C43FBD5D054315F4008FC2ED /* PollDefault.h */,
				C437AF410562987C00ACFA1E /* PollGlib.h */,
				C437AF420562987C00ACFA1E /* PollGlibFD.h */,
				C437AF430562987C00ACFA1E /* PollGlibSource.h */,
				C437AF440562987C00ACFA1E /* PollGlibVersion.h */,
				C45D31A0063C4795001112F7 /* Redispatch.h */,
				C43FBD62054315F4008FC2ED /* Room.h */,
				C45D31B7063C48D3001112F7 /* Router.h */,
				C43FBD66054315F4008FC2ED /* ServerInfo.h */,
				C43FBD6B054315F4008FC2ED /* Timeout.h */,
				C43FBD74054315F4008FC2ED /* TypeInfo.h */,
				C43FBD78054315F4008FC2ED /* Types.h */,
				C45D31A3063C4795001112F7 /* TypeService.h */,
				C43FBD80054315F4008FC2ED /* UIFactory.h */,
				C45D31A5063C4795001112F7 /* View.h */,
			);
			name = Headers;
			path = Eris;
			sourceTree = "<group>";
		};
		C43FBE250543162E008FC2ED /* Frameworks */ = {
			isa = PBXGroup;
			children = (
				C4E4B0430876989E00E0869F /* Atlas.xcodeproj */,
				C4E4B0260876989B00E0869F /* wfmath.xcodeproj */,
				C4E4B0190876989500E0869F /* Skstream.xcodeproj */,
				C4BD59C806AAA0F20039CF5E /* sigc++.framework */,
			);
			name = Frameworks;
			sourceTree = "<group>";
		};
		C45DC712056417FC00D8F8F4 /* Documentation */ = {
			isa = PBXGroup;
			children = (
				C45DC7170564181900D8F8F4 /* ChangeLog */,
				C45DC7180564181900D8F8F4 /* README */,
				C45DC7190564181900D8F8F4 /* TODO */,
				C4AD293205FA32BD00AFB402 /* Testcases */,
			);
			name = Documentation;
			sourceTree = "<group>";
		};
		C4AD291A05FA259900AFB402 /* test */ = {
			isa = PBXGroup;
			children = (
				C49A46180965495A00F37E9B /* calendarTest.cpp */,
				C49A46190965495A00F37E9B /* calendarTest.h */,
				C4B1B01D0964068C00CE8BB7 /* avatarTest.cpp */,
				C4B1B01E0964068C00CE8BB7 /* avatarTest.h */,
				C474C8C3096346C400540EFB /* testUtils.cpp */,
				C474C8C4096346C400540EFB /* viewTest.h */,
				C48F3CB90885C55700F81C77 /* viewTest.cpp */,
				C4ADF7CF06457A3500D3CCAC /* agent.cpp */,
				C4ADF7D206457B6D00D3CCAC /* agent.h */,
				C47BF18C0600F42E00CC2146 /* clientConnection.cpp */,
				C47BF1800600F1DD00CC2146 /* clientConnection.h */,
				C4ADF6AC064ED5320074F881 /* commander.cpp */,
				C4ADF6A3064ECA7D0074F881 /* commander.h */,
				C44CB71A070A240C000DCC7E /* controller.cpp */,
				C4AD293505FA53EA00AFB402 /* metaQuery.cpp */,
				C43FF770087316E3007A492C /* netTests.cpp */,
				C43FF7D108731BA2007A492C /* netTests.h */,
				C49E621E060B46740054632A /* objectSummary.h */,
				C43FF787087317E1007A492C /* setupHelpers.cpp */,
				C43FF783087317CE007A492C /* setupHelpers.h */,
				C43FF7790873175A007A492C /* signalHelpers.h */,
				C4AD291F05FA259900AFB402 /* stubServer.cpp */,
				C4AD292005FA259900AFB402 /* stubServer.h */,
				C43FF7A208731933007A492C /* testOutOfGame.cpp */,
				C43FF79B0873191F007A492C /* testOutOfGame.h */,
				C43A913E0604E02D004FFDC2 /* tests.cpp */,
				C49E6223060B4FD80054632A /* testUtils.h */,
			);
			path = test;
			sourceTree = "<group>";
		};
		C4BB15920544A6C100A800CF /* Source */ = {
			isa = PBXGroup;
			children = (
				C45720210950CD8800BCD779 /* Calendar.cpp */,
				C49FF8BD094F68270073E0F8 /* Operations.cpp */,
				C4D586A8094AF2880069B5C7 /* EntityRef.cpp */,
				C4E8F39507B6DDA500981FB2 /* Response.cpp */,
				C4C5505107A6D43B00F59ED4 /* DeleteLater.cpp */,
				C438300C06BEFECA0092C3C7 /* Account.cpp */,
				C43FBD1B054315F3008FC2ED /* Avatar.cpp */,
				C43FBD1F054315F3008FC2ED /* BaseConnection.cpp */,
				C43FBD27054315F3008FC2ED /* Connection.cpp */,
				C43FBD34054315F3008FC2ED /* Entity.cpp */,
				C45D3199063C4795001112F7 /* EntityRouter.cpp */,
				C4E59E5805C050D7003934C3 /* Exceptions.cpp */,
				C45D319B063C4795001112F7 /* Factory.cpp */,
				C45D319C063C4795001112F7 /* IGRouter.cpp */,
				C43FBD3F054315F4008FC2ED /* Lobby.cpp */,
				C43FBD43054315F4008FC2ED /* Log.cpp */,
				C43FBD4A054315F4008FC2ED /* MetaQuery.cpp */,
				C43FBD4E054315F4008FC2ED /* Metaserver.cpp */,
				C43FBD53054315F4008FC2ED /* Person.cpp */,
				C43FBD5C054315F4008FC2ED /* PollDefault.cpp */,
				C45D319F063C4795001112F7 /* Redispatch.cpp */,
				C43FBD61054315F4008FC2ED /* Room.cpp */,
				C45D31A1063C4795001112F7 /* Router.cpp */,
				C43FBD65054315F4008FC2ED /* ServerInfo.cpp */,
				C43FBD6A054315F4008FC2ED /* Timeout.cpp */,
				C43FBD73054315F4008FC2ED /* TypeInfo.cpp */,
				C43FBD77054315F4008FC2ED /* Types.cpp */,
				C45D31A2063C4795001112F7 /* TypeService.cpp */,
				C43FBD7F054315F4008FC2ED /* UIFactory.cpp */,
				C45D31A4063C4795001112F7 /* View.cpp */,
				C4E5CD46064CFFAF00EF7326 /* TypeBoundRedispatch.cpp */,
				C49FE454096AB05C00F4F10C /* TimedEventService.cpp */,
				C44EC509096AF51900A2750D /* Alarm.cpp */,
			);
			name = Source;
			sourceTree = "<group>";
		};
		C4E4B18708769EC700E0869F /* Products */ = {
			isa = PBXGroup;
			children = (
				C4E4B18C08769EC700E0869F /* skstream.framework */,
				C4E4B18E08769EC700E0869F /* Ping */,
			);
			name = Products;
			sourceTree = "<group>";
		};
		C4E4B1C90876A09500E0869F /* Products */ = {
			isa = PBXGroup;
			children = (
				C4E4B1CE0876A09500E0869F /* Atlas.framework */,
				C4E4B1D00876A09500E0869F /* decoderFactory */,
			);
			name = Products;
			sourceTree = "<group>";
		};
		C4E4B1D10876A09500E0869F /* Products */ = {
			isa = PBXGroup;
			children = (
				C4E4B1DC0876A09500E0869F /* wfmath.framework */,
				C4E4B1DE0876A09500E0869F /* testQuaternion */,
				C4E4B1E00876A09500E0869F /* polygonTest */,
				C4E4B1E20876A09500E0869F /* shapeTest */,
				C4E4B1E40876A09500E0869F /* vectorTest */,
				C4E4B1E60876A09500E0869F /* atlasTest */,
				C4E4B1E80876A09500E0869F /* timeTest */,
			);
			name = Products;
			sourceTree = "<group>";
		};
/* End PBXGroup section */

/* Begin PBXHeadersBuildPhase section */
		C43A91410604E05C004FFDC2 /* Headers */ = {
			isa = PBXHeadersBuildPhase;
			buildActionMask = 2147483647;
			files = (
				C43A914D0604E073004FFDC2 /* clientConnection.h in Headers */,
				C43A914B0604E06F004FFDC2 /* stubServer.h in Headers */,
				C49E621F060B46740054632A /* objectSummary.h in Headers */,
				C49E6224060B4FD80054632A /* testUtils.h in Headers */,
				C4ADF7D306457B6D00D3CCAC /* agent.h in Headers */,
				C4ADF6A4064ECA7D0074F881 /* commander.h in Headers */,
				C43FF77A0873175A007A492C /* signalHelpers.h in Headers */,
				C43FF784087317CE007A492C /* setupHelpers.h in Headers */,
				C43FF79C0873191F007A492C /* testOutOfGame.h in Headers */,
				C43FF7D208731BA2007A492C /* netTests.h in Headers */,
				C474C8C6096346C400540EFB /* viewTest.h in Headers */,
				C4B1B0320964190C00CE8BB7 /* avatarTest.h in Headers */,
				C49A461B0965495A00F37E9B /* calendarTest.h in Headers */,
			);
			runOnlyForDeploymentPostprocessing = 0;
		};
		C45DC3E70562F83D00D8F8F4 /* Headers */ = {
			isa = PBXHeadersBuildPhase;
			buildActionMask = 2147483647;
			files = (
				C45DC3EA0562F83D00D8F8F4 /* Avatar.h in Headers */,
				C45DC3EB0562F83D00D8F8F4 /* BaseConnection.h in Headers */,
				C45DC3ED0562F83D00D8F8F4 /* Connection.h in Headers */,
				C45DC3F10562F83D00D8F8F4 /* Entity.h in Headers */,
				C45DC3F20562F83D00D8F8F4 /* Factory.h in Headers */,
				C45DC3F50562F83D00D8F8F4 /* Lobby.h in Headers */,
				C45DC3F60562F83D00D8F8F4 /* Log.h in Headers */,
				C45DC3F70562F83D00D8F8F4 /* MetaQuery.h in Headers */,
				C45DC3F80562F83D00D8F8F4 /* Metaserver.h in Headers */,
				C45DC3FA0562F83D00D8F8F4 /* Person.h in Headers */,
				C45DC3FC0562F83D00D8F8F4 /* Poll.h in Headers */,
				C45DC3FD0562F83D00D8F8F4 /* PollDefault.h in Headers */,
				C45DC3FF0562F83D00D8F8F4 /* Room.h in Headers */,
				C45DC4000562F83D00D8F8F4 /* ServerInfo.h in Headers */,
				C45DC4020562F83D00D8F8F4 /* Timeout.h in Headers */,
				C45DC4050562F83D00D8F8F4 /* TypeInfo.h in Headers */,
				C45DC4060562F83D00D8F8F4 /* Types.h in Headers */,
				C45DC40B0562F83D00D8F8F4 /* PollGlib.h in Headers */,
				C45DC40C0562F83D00D8F8F4 /* PollGlibFD.h in Headers */,
				C45DC40D0562F83D00D8F8F4 /* PollGlibSource.h in Headers */,
				C45DC40E0562F83D00D8F8F4 /* PollGlibVersion.h in Headers */,
				C4E59E5B05C050D7003934C3 /* Exceptions.h in Headers */,
				C45D31A7063C4795001112F7 /* EntityRouter.h in Headers */,
				C45D31AA063C4795001112F7 /* IGRouter.h in Headers */,
				C45D31AB063C4795001112F7 /* LogStream.h in Headers */,
				C45D31AD063C4795001112F7 /* Redispatch.h in Headers */,
				C45D31B0063C4795001112F7 /* TypeService.h in Headers */,
				C45D31B2063C4795001112F7 /* View.h in Headers */,
				C45D31B8063C48D3001112F7 /* Router.h in Headers */,
				C4E5CD44064CFF4B00EF7326 /* TypeBoundRedispatch.h in Headers */,
				C438300F06BEFECA0092C3C7 /* Account.h in Headers */,
				C4C5505407A6D43B00F59ED4 /* DeleteLater.h in Headers */,
				C4E8F39807B6DDA500981FB2 /* Response.h in Headers */,
				C4B9D68A083A838800D846FC /* Calendar.h in Headers */,
				C4D586AB094AF2940069B5C7 /* EntityRef.h in Headers */,
				C49FF8BC094F68130073E0F8 /* Operations.h in Headers */,
				C49FE44E096AAEF800F4F10C /* TimedEventService.h in Headers */,
				C44EC502096AF42300A2750D /* Alarm.h in Headers */,
			);
			runOnlyForDeploymentPostprocessing = 0;
		};
		C4AD293805FA547D00AFB402 /* Headers */ = {
			isa = PBXHeadersBuildPhase;
			buildActionMask = 2147483647;
			files = (
			);
			runOnlyForDeploymentPostprocessing = 0;
		};
/* End PBXHeadersBuildPhase section */

/* Begin PBXNativeTarget section */
		C43A91430604E05C004FFDC2 /* tests */ = {
			isa = PBXNativeTarget;
			buildConfigurationList = C4EBAF4F08559CDF00872BBB /* Build configuration list for PBXNativeTarget "tests" */;
			buildPhases = (
				C43A91410604E05C004FFDC2 /* Headers */,
				C43A91420604E05C004FFDC2 /* Sources */,
				C4E7DFC90606732B00721E8D /* Frameworks */,
			);
			buildRules = (
			);
			buildSettings = {
				FRAMEWORK_SEARCH_PATHS = (
					"/Users/jmt/Worldforge/forge/libs/Atlas-C++/build",
					/Users/jmt/Worldforge/forge/libs/skstream/build,
					/Users/jmt/Worldforge/forge/libs/wfmath/build,
				);
				GCC_WARN_FOUR_CHARACTER_CONSTANTS = NO;
				GCC_WARN_UNKNOWN_PRAGMAS = NO;
				INSTALL_PATH = /usr/local/bin;
				OTHER_LDFLAGS = "";
				PRODUCT_NAME = tests;
				SECTORDER_FLAGS = "";
				WARNING_CFLAGS = "-Wall";
			};
			dependencies = (
				C4E7E0030606735400721E8D /* PBXTargetDependency */,
				C45BA21508C5917B00FCB602 /* PBXTargetDependency */,
				C45BA21708C5917B00FCB602 /* PBXTargetDependency */,
				C45BA21908C5917B00FCB602 /* PBXTargetDependency */,
			);
			name = tests;
			productName = tests;
			productReference = C43A91440604E05C004FFDC2 /* tests */;
			productType = "com.apple.product-type.tool";
		};
		C45DC3E60562F83D00D8F8F4 /* eris */ = {
			isa = PBXNativeTarget;
			buildConfigurationList = C4EBAF4708559CDF00872BBB /* Build configuration list for PBXNativeTarget "eris" */;
			buildPhases = (
				C45DC3E70562F83D00D8F8F4 /* Headers */,
				C45DC40F0562F83D00D8F8F4 /* Sources */,
				C45DC4290562F83D00D8F8F4 /* Frameworks */,
			);
			buildRules = (
			);
			buildSettings = {
				DEPLOYMENT_LOCATION = NO;
				DYLIB_COMPATIBILITY_VERSION = 2;
				DYLIB_CURRENT_VERSION = 2;
				FRAMEWORK_SEARCH_PATHS = (
					../wfmath/build,
					../skstream/build,
					"../Atlas-C++/build",
				);
				FRAMEWORK_VERSION = B;
				GCC_PRECOMPILE_PREFIX_HEADER = NO;
				GCC_PREFIX_HEADER = "";
				GCC_WARN_FOUR_CHARACTER_CONSTANTS = NO;
				GCC_WARN_UNKNOWN_PRAGMAS = NO;
				INSTALL_PATH = "@executable_path/../Frameworks";
				OTHER_CFLAGS = "";
				OTHER_LDFLAGS = (
					"-seg1addr",
					0x21000000,
				);
				OTHER_LIBTOOL_FLAGS = "";
				OTHER_REZFLAGS = "";
				PRINCIPAL_CLASS = "";
				PRODUCT_NAME = Eris;
				SECTORDER_FLAGS = "";
				SKIP_INSTALL = YES;
				WARNING_CFLAGS = "-Wall";
				WRAPPER_EXTENSION = framework;
				ZERO_LINK = NO;
			};
			comments = "The WorldForge client-side session layer, which simplifies Atlas communication for many clients.";
			dependencies = (
				C4E4B1FB0876A0C400E0869F /* PBXTargetDependency */,
				C4E4B1FD0876A0C400E0869F /* PBXTargetDependency */,
				C4E4B1FF0876A0C400E0869F /* PBXTargetDependency */,
			);
			name = eris;
			productInstallPath = "$(LOCAL_LIBRARY_DIR)/Frameworks";
			productName = eris;
			productReference = C45DC4310562F83D00D8F8F4 /* Eris.framework */;
			productType = "com.apple.product-type.framework";
		};
		C4AD293A05FA547D00AFB402 /* metaQuery */ = {
			isa = PBXNativeTarget;
			buildConfigurationList = C4EBAF4B08559CDF00872BBB /* Build configuration list for PBXNativeTarget "metaQuery" */;
			buildPhases = (
				C4AD293805FA547D00AFB402 /* Headers */,
				C4AD293905FA547D00AFB402 /* Sources */,
				C4AD294705FA58E400AFB402 /* Frameworks */,
			);
			buildRules = (
			);
			buildSettings = {
				FRAMEWORK_SEARCH_PATHS = (
					"/Users/jmt/Worldforge/forge/libs/Atlas-C++/build",
					/Users/jmt/Worldforge/forge/libs/skstream/build,
					/Users/jmt/Worldforge/forge/libs/wfmath/build,
				);
				GCC_WARN_FOUR_CHARACTER_CONSTANTS = NO;
				GCC_WARN_UNKNOWN_PRAGMAS = NO;
				INSTALL_PATH = /usr/local/bin;
				OTHER_CFLAGS = "";
				OTHER_LDFLAGS = "";
				PRODUCT_NAME = metaQuery;
				SECTORDER_FLAGS = "";
				WARNING_CFLAGS = "-Wall";
			};
			dependencies = (
				C4AD293E05FA548700AFB402 /* PBXTargetDependency */,
				C45BA20808C5912200FCB602 /* PBXTargetDependency */,
				C45BA20A08C5912200FCB602 /* PBXTargetDependency */,
				C45BA20C08C5912200FCB602 /* PBXTargetDependency */,
			);
			name = metaQuery;
			productName = metaQuery;
			productReference = C4AD293B05FA547D00AFB402 /* metaQuery */;
			productType = "com.apple.product-type.tool";
		};
/* End PBXNativeTarget section */

/* Begin PBXProject section */
		C43FBCE9054315B9008FC2ED /* Project object */ = {
			isa = PBXProject;
			buildConfigurationList = C4EBAF5308559CDF00872BBB /* Build configuration list for PBXProject "Eris" */;
			buildSettings = {
			};
			buildStyles = (
				C43FBCE7054315B9008FC2ED /* Development */,
				C43FBCE8054315B9008FC2ED /* Deployment */,
			);
			hasScannedForEncodings = 1;
			mainGroup = C43FBCE5054315B9008FC2ED;
			productRefGroup = C43FBCF1054315C5008FC2ED /* Products */;
			projectDirPath = "";
			projectReferences = (
				{
					ProductGroup = C4E4B1C90876A09500E0869F /* Products */;
					ProjectRef = C4E4B0430876989E00E0869F /* Atlas.xcodeproj */;
				},
				{
					ProductGroup = C4E4B18708769EC700E0869F /* Products */;
					ProjectRef = C4E4B0190876989500E0869F /* Skstream.xcodeproj */;
				},
				{
					ProductGroup = C4E4B1D10876A09500E0869F /* Products */;
					ProjectRef = C4E4B0260876989B00E0869F /* wfmath.xcodeproj */;
				},
			);
			targets = (
				C45DC3E60562F83D00D8F8F4 /* eris */,
				C4AD293A05FA547D00AFB402 /* metaQuery */,
				C43A91430604E05C004FFDC2 /* tests */,
			);
		};
/* End PBXProject section */

/* Begin PBXReferenceProxy section */
		C4E4B18C08769EC700E0869F /* skstream.framework */ = {
			isa = PBXReferenceProxy;
			fileType = wrapper.framework;
			path = skstream.framework;
			remoteRef = C4E4B18B08769EC700E0869F /* PBXContainerItemProxy */;
			sourceTree = BUILT_PRODUCTS_DIR;
		};
		C4E4B18E08769EC700E0869F /* Ping */ = {
			isa = PBXReferenceProxy;
			fileType = "compiled.mach-o.executable";
			path = Ping;
			remoteRef = C4E4B18D08769EC700E0869F /* PBXContainerItemProxy */;
			sourceTree = BUILT_PRODUCTS_DIR;
		};
		C4E4B1CE0876A09500E0869F /* Atlas.framework */ = {
			isa = PBXReferenceProxy;
			fileType = wrapper.framework;
			path = Atlas.framework;
			remoteRef = C4E4B1CD0876A09500E0869F /* PBXContainerItemProxy */;
			sourceTree = BUILT_PRODUCTS_DIR;
		};
		C4E4B1D00876A09500E0869F /* decoderFactory */ = {
			isa = PBXReferenceProxy;
			fileType = "compiled.mach-o.executable";
			path = decoderFactory;
			remoteRef = C4E4B1CF0876A09500E0869F /* PBXContainerItemProxy */;
			sourceTree = BUILT_PRODUCTS_DIR;
		};
		C4E4B1DC0876A09500E0869F /* wfmath.framework */ = {
			isa = PBXReferenceProxy;
			fileType = wrapper.framework;
			path = wfmath.framework;
			remoteRef = C4E4B1DB0876A09500E0869F /* PBXContainerItemProxy */;
			sourceTree = BUILT_PRODUCTS_DIR;
		};
		C4E4B1DE0876A09500E0869F /* testQuaternion */ = {
			isa = PBXReferenceProxy;
			fileType = "compiled.mach-o.executable";
			path = testQuaternion;
			remoteRef = C4E4B1DD0876A09500E0869F /* PBXContainerItemProxy */;
			sourceTree = BUILT_PRODUCTS_DIR;
		};
		C4E4B1E00876A09500E0869F /* polygonTest */ = {
			isa = PBXReferenceProxy;
			fileType = "compiled.mach-o.executable";
			path = polygonTest;
			remoteRef = C4E4B1DF0876A09500E0869F /* PBXContainerItemProxy */;
			sourceTree = BUILT_PRODUCTS_DIR;
		};
		C4E4B1E20876A09500E0869F /* shapeTest */ = {
			isa = PBXReferenceProxy;
			fileType = "compiled.mach-o.executable";
			path = shapeTest;
			remoteRef = C4E4B1E10876A09500E0869F /* PBXContainerItemProxy */;
			sourceTree = BUILT_PRODUCTS_DIR;
		};
		C4E4B1E40876A09500E0869F /* vectorTest */ = {
			isa = PBXReferenceProxy;
			fileType = "compiled.mach-o.executable";
			path = vectorTest;
			remoteRef = C4E4B1E30876A09500E0869F /* PBXContainerItemProxy */;
			sourceTree = BUILT_PRODUCTS_DIR;
		};
		C4E4B1E60876A09500E0869F /* atlasTest */ = {
			isa = PBXReferenceProxy;
			fileType = "compiled.mach-o.executable";
			path = atlasTest;
			remoteRef = C4E4B1E50876A09500E0869F /* PBXContainerItemProxy */;
			sourceTree = BUILT_PRODUCTS_DIR;
		};
		C4E4B1E80876A09500E0869F /* timeTest */ = {
			isa = PBXReferenceProxy;
			fileType = "compiled.mach-o.executable";
			path = timeTest;
			remoteRef = C4E4B1E70876A09500E0869F /* PBXContainerItemProxy */;
			sourceTree = BUILT_PRODUCTS_DIR;
		};
/* End PBXReferenceProxy section */

/* Begin PBXSourcesBuildPhase section */
		C43A91420604E05C004FFDC2 /* Sources */ = {
			isa = PBXSourcesBuildPhase;
			buildActionMask = 2147483647;
			files = (
				C43A914A0604E06C004FFDC2 /* clientConnection.cpp in Sources */,
				C43A91490604E069004FFDC2 /* stubServer.cpp in Sources */,
				C43A91470604E066004FFDC2 /* tests.cpp in Sources */,
				C4ADF7D006457A3500D3CCAC /* agent.cpp in Sources */,
				C4ADF6AD064ED5320074F881 /* commander.cpp in Sources */,
				C44CB71B070A240C000DCC7E /* controller.cpp in Sources */,
				C43FF771087316E3007A492C /* netTests.cpp in Sources */,
				C43FF788087317E1007A492C /* setupHelpers.cpp in Sources */,
				C43FF7A308731933007A492C /* testOutOfGame.cpp in Sources */,
				C48F3CBA0885C55700F81C77 /* viewTest.cpp in Sources */,
				C474C8C5096346C400540EFB /* testUtils.cpp in Sources */,
				C4B1B0310964190B00CE8BB7 /* avatarTest.cpp in Sources */,
				C49A461A0965495A00F37E9B /* calendarTest.cpp in Sources */,
			);
			runOnlyForDeploymentPostprocessing = 0;
		};
		C45DC40F0562F83D00D8F8F4 /* Sources */ = {
			isa = PBXSourcesBuildPhase;
			buildActionMask = 2147483647;
			files = (
				C45DC4110562F83D00D8F8F4 /* Avatar.cpp in Sources */,
				C45DC4120562F83D00D8F8F4 /* BaseConnection.cpp in Sources */,
				C45DC4140562F83D00D8F8F4 /* Connection.cpp in Sources */,
				C45DC4170562F83D00D8F8F4 /* Entity.cpp in Sources */,
				C45DC4190562F83D00D8F8F4 /* Lobby.cpp in Sources */,
				C45DC41A0562F83D00D8F8F4 /* Log.cpp in Sources */,
				C45DC41B0562F83D00D8F8F4 /* MetaQuery.cpp in Sources */,
				C45DC41C0562F83D00D8F8F4 /* Metaserver.cpp in Sources */,
				C45DC41D0562F83D00D8F8F4 /* Person.cpp in Sources */,
				C45DC41F0562F83D00D8F8F4 /* PollDefault.cpp in Sources */,
				C45DC4200562F83D00D8F8F4 /* Room.cpp in Sources */,
				C45DC4210562F83D00D8F8F4 /* ServerInfo.cpp in Sources */,
				C45DC4220562F83D00D8F8F4 /* Timeout.cpp in Sources */,
				C45DC4230562F83D00D8F8F4 /* TypeInfo.cpp in Sources */,
				C45DC4240562F83D00D8F8F4 /* Types.cpp in Sources */,
				C4E59E5A05C050D7003934C3 /* Exceptions.cpp in Sources */,
				C45D31A6063C4795001112F7 /* EntityRouter.cpp in Sources */,
				C45D31A8063C4795001112F7 /* Factory.cpp in Sources */,
				C45D31A9063C4795001112F7 /* IGRouter.cpp in Sources */,
				C45D31AC063C4795001112F7 /* Redispatch.cpp in Sources */,
				C45D31AE063C4795001112F7 /* Router.cpp in Sources */,
				C45D31AF063C4795001112F7 /* TypeService.cpp in Sources */,
				C45D31B1063C4795001112F7 /* View.cpp in Sources */,
				C4E5CD47064CFFAF00EF7326 /* TypeBoundRedispatch.cpp in Sources */,
				C438300E06BEFECA0092C3C7 /* Account.cpp in Sources */,
				C4C5505307A6D43B00F59ED4 /* DeleteLater.cpp in Sources */,
				C4E8F39707B6DDA500981FB2 /* Response.cpp in Sources */,
				C4D586A9094AF2880069B5C7 /* EntityRef.cpp in Sources */,
				C49FF8BE094F68270073E0F8 /* Operations.cpp in Sources */,
				C45720220950CD8800BCD779 /* Calendar.cpp in Sources */,
				C49FE455096AB05C00F4F10C /* TimedEventService.cpp in Sources */,
				C44EC50A096AF51900A2750D /* Alarm.cpp in Sources */,
			);
			runOnlyForDeploymentPostprocessing = 0;
		};
		C4AD293905FA547D00AFB402 /* Sources */ = {
			isa = PBXSourcesBuildPhase;
			buildActionMask = 2147483647;
			files = (
				C4AD293F05FA549000AFB402 /* metaQuery.cpp in Sources */,
			);
			runOnlyForDeploymentPostprocessing = 0;
		};
/* End PBXSourcesBuildPhase section */

/* Begin PBXTargetDependency section */
		C45BA20808C5912200FCB602 /* PBXTargetDependency */ = {
			isa = PBXTargetDependency;
			name = wfmath;
			targetProxy = C45BA20708C5912200FCB602 /* PBXContainerItemProxy */;
		};
		C45BA20A08C5912200FCB602 /* PBXTargetDependency */ = {
			isa = PBXTargetDependency;
			name = Atlas;
			targetProxy = C45BA20908C5912200FCB602 /* PBXContainerItemProxy */;
		};
		C45BA20C08C5912200FCB602 /* PBXTargetDependency */ = {
			isa = PBXTargetDependency;
			name = skstream;
			targetProxy = C45BA20B08C5912200FCB602 /* PBXContainerItemProxy */;
		};
		C45BA21508C5917B00FCB602 /* PBXTargetDependency */ = {
			isa = PBXTargetDependency;
			name = wfmath;
			targetProxy = C45BA21408C5917B00FCB602 /* PBXContainerItemProxy */;
		};
		C45BA21708C5917B00FCB602 /* PBXTargetDependency */ = {
			isa = PBXTargetDependency;
			name = Atlas;
			targetProxy = C45BA21608C5917B00FCB602 /* PBXContainerItemProxy */;
		};
		C45BA21908C5917B00FCB602 /* PBXTargetDependency */ = {
			isa = PBXTargetDependency;
			name = skstream;
			targetProxy = C45BA21808C5917B00FCB602 /* PBXContainerItemProxy */;
		};
		C4AD293E05FA548700AFB402 /* PBXTargetDependency */ = {
			isa = PBXTargetDependency;
			target = C45DC3E60562F83D00D8F8F4 /* eris */;
			targetProxy = C4AD293D05FA548700AFB402 /* PBXContainerItemProxy */;
		};
		C4E4B1FB0876A0C400E0869F /* PBXTargetDependency */ = {
			isa = PBXTargetDependency;
			name = wfmath;
			targetProxy = C4E4B1FA0876A0C400E0869F /* PBXContainerItemProxy */;
		};
		C4E4B1FD0876A0C400E0869F /* PBXTargetDependency */ = {
			isa = PBXTargetDependency;
			name = Atlas;
			targetProxy = C4E4B1FC0876A0C400E0869F /* PBXContainerItemProxy */;
		};
		C4E4B1FF0876A0C400E0869F /* PBXTargetDependency */ = {
			isa = PBXTargetDependency;
			name = skstream;
			targetProxy = C4E4B1FE0876A0C400E0869F /* PBXContainerItemProxy */;
		};
		C4E7E0030606735400721E8D /* PBXTargetDependency */ = {
			isa = PBXTargetDependency;
			target = C45DC3E60562F83D00D8F8F4 /* eris */;
			targetProxy = C4E7E0020606735400721E8D /* PBXContainerItemProxy */;
		};
/* End PBXTargetDependency section */

/* Begin XCBuildConfiguration section */
		C4EBAF4808559CDF00872BBB /* Development */ = {
			isa = XCBuildConfiguration;
			buildSettings = {
				DEPLOYMENT_LOCATION = NO;
				DYLIB_COMPATIBILITY_VERSION = 2;
				DYLIB_CURRENT_VERSION = 2;
				FRAMEWORK_VERSION = B;
				GCC_GENERATE_DEBUGGING_SYMBOLS = YES;
				GCC_OPTIMIZATION_LEVEL = 0;
				GCC_WARN_ABOUT_MISSING_NEWLINE = YES;
				INSTALL_PATH = "@executable_path/../Frameworks";
				OTHER_LDFLAGS = (
					"-seg1addr",
					0x21000000,
				);
				PRODUCT_NAME = Eris;
				SKIP_INSTALL = YES;
				WARNING_CFLAGS = "-Wall";
			};
			name = Development;
		};
		C4EBAF4908559CDF00872BBB /* Release */ = {
			isa = XCBuildConfiguration;
			buildSettings = {
				COPY_PHASE_STRIP = YES;
				DEPLOYMENT_LOCATION = NO;
				DYLIB_COMPATIBILITY_VERSION = 2;
				DYLIB_CURRENT_VERSION = 2;
				FRAMEWORK_SEARCH_PATHS = (
					../wfmath/build,
					../skstream/build,
					"../Atlas-C++/build",
					"$(SRCROOT)/../../../../Library/Frameworks",
				);
				FRAMEWORK_VERSION = B;
				GCC_ENABLE_FIX_AND_CONTINUE = NO;
				GCC_PRECOMPILE_PREFIX_HEADER = NO;
				GCC_PREFIX_HEADER = "";
				GCC_WARN_FOUR_CHARACTER_CONSTANTS = NO;
				GCC_WARN_UNKNOWN_PRAGMAS = NO;
				INSTALL_PATH = "@executable_path/../Frameworks";
				OTHER_CFLAGS = "";
				OTHER_LDFLAGS = (
					"-seg1addr",
					0x21000000,
				);
				OTHER_LIBTOOL_FLAGS = "";
				OTHER_REZFLAGS = "";
				PRINCIPAL_CLASS = "";
				PRODUCT_NAME = Eris;
				SECTORDER_FLAGS = "";
				SKIP_INSTALL = YES;
				WARNING_CFLAGS = "-Wall";
				WRAPPER_EXTENSION = framework;
				ZERO_LINK = NO;
			};
			name = Release;
		};
		C4EBAF4C08559CDF00872BBB /* Development */ = {
			isa = XCBuildConfiguration;
			buildSettings = {
				COPY_PHASE_STRIP = NO;
				FRAMEWORK_SEARCH_PATHS = (
					"/Users/jmt/Worldforge/forge/libs/Atlas-C++/build",
					/Users/jmt/Worldforge/forge/libs/skstream/build,
					/Users/jmt/Worldforge/forge/libs/wfmath/build,
				);
				GCC_DYNAMIC_NO_PIC = NO;
				GCC_ENABLE_FIX_AND_CONTINUE = NO;
				GCC_GENERATE_DEBUGGING_SYMBOLS = YES;
				GCC_OPTIMIZATION_LEVEL = 0;
				GCC_WARN_FOUR_CHARACTER_CONSTANTS = NO;
				GCC_WARN_UNKNOWN_PRAGMAS = NO;
				INSTALL_PATH = /usr/local/bin;
				OTHER_CFLAGS = "";
				OTHER_LDFLAGS = "";
				PRODUCT_NAME = metaQuery;
				SECTORDER_FLAGS = "";
				WARNING_CFLAGS = "-Wall";
				ZERO_LINK = NO;
			};
			name = Development;
		};
		C4EBAF4D08559CDF00872BBB /* Release */ = {
			isa = XCBuildConfiguration;
			buildSettings = {
				COPY_PHASE_STRIP = YES;
				FRAMEWORK_SEARCH_PATHS = (
					"/Users/jmt/Worldforge/forge/libs/Atlas-C++/build",
					/Users/jmt/Worldforge/forge/libs/skstream/build,
					/Users/jmt/Worldforge/forge/libs/wfmath/build,
				);
				GCC_ENABLE_FIX_AND_CONTINUE = NO;
				GCC_WARN_FOUR_CHARACTER_CONSTANTS = NO;
				GCC_WARN_UNKNOWN_PRAGMAS = NO;
				INSTALL_PATH = /usr/local/bin;
				OTHER_CFLAGS = "";
				OTHER_LDFLAGS = "";
				PRODUCT_NAME = metaQuery;
				SECTORDER_FLAGS = "";
				WARNING_CFLAGS = "-Wall";
				ZERO_LINK = NO;
			};
			name = Release;
		};
		C4EBAF5008559CDF00872BBB /* Development */ = {
			isa = XCBuildConfiguration;
			buildSettings = {
				COPY_PHASE_STRIP = NO;
				GCC_ENABLE_FIX_AND_CONTINUE = NO;
				GCC_GENERATE_DEBUGGING_SYMBOLS = YES;
				GCC_OPTIMIZATION_LEVEL = 0;
				INSTALL_PATH = /usr/local/bin;
				PRODUCT_NAME = tests;
				WARNING_CFLAGS = "-Wall";
				ZERO_LINK = NO;
			};
			name = Development;
		};
		C4EBAF5108559CDF00872BBB /* Release */ = {
			isa = XCBuildConfiguration;
			buildSettings = {
				COPY_PHASE_STRIP = YES;
				FRAMEWORK_SEARCH_PATHS = (
					"/Users/jmt/Worldforge/forge/libs/Atlas-C++/build",
					/Users/jmt/Worldforge/forge/libs/skstream/build,
					/Users/jmt/Worldforge/forge/libs/wfmath/build,
				);
				GCC_ENABLE_FIX_AND_CONTINUE = NO;
				GCC_WARN_FOUR_CHARACTER_CONSTANTS = NO;
				GCC_WARN_UNKNOWN_PRAGMAS = NO;
				INSTALL_PATH = /usr/local/bin;
				OTHER_LDFLAGS = "";
				PRODUCT_NAME = tests;
				SECTORDER_FLAGS = "";
				WARNING_CFLAGS = "-Wall";
				ZERO_LINK = NO;
			};
			name = Release;
		};
		C4EBAF5408559CDF00872BBB /* Development */ = {
			isa = XCBuildConfiguration;
			buildSettings = {
			};
			name = Development;
		};
		C4EBAF5508559CDF00872BBB /* Release */ = {
			isa = XCBuildConfiguration;
			buildSettings = {
			};
			name = Release;
		};
/* End XCBuildConfiguration section */

/* Begin XCConfigurationList section */
		C4EBAF4708559CDF00872BBB /* Build configuration list for PBXNativeTarget "eris" */ = {
			isa = XCConfigurationList;
			buildConfigurations = (
				C4EBAF4808559CDF00872BBB /* Development */,
				C4EBAF4908559CDF00872BBB /* Release */,
			);
			defaultConfigurationIsVisible = 0;
			defaultConfigurationName = Development;
		};
		C4EBAF4B08559CDF00872BBB /* Build configuration list for PBXNativeTarget "metaQuery" */ = {
			isa = XCConfigurationList;
			buildConfigurations = (
				C4EBAF4C08559CDF00872BBB /* Development */,
				C4EBAF4D08559CDF00872BBB /* Release */,
			);
			defaultConfigurationIsVisible = 0;
			defaultConfigurationName = Development;
		};
		C4EBAF4F08559CDF00872BBB /* Build configuration list for PBXNativeTarget "tests" */ = {
			isa = XCConfigurationList;
			buildConfigurations = (
				C4EBAF5008559CDF00872BBB /* Development */,
				C4EBAF5108559CDF00872BBB /* Release */,
			);
			defaultConfigurationIsVisible = 0;
			defaultConfigurationName = Development;
		};
		C4EBAF5308559CDF00872BBB /* Build configuration list for PBXProject "Eris" */ = {
			isa = XCConfigurationList;
			buildConfigurations = (
				C4EBAF5408559CDF00872BBB /* Development */,
				C4EBAF5508559CDF00872BBB /* Release */,
			);
			defaultConfigurationIsVisible = 0;
			defaultConfigurationName = Development;
		};
/* End XCConfigurationList section */
	};
	rootObject = C43FBCE9054315B9008FC2ED /* Project object */;
}
