// !$*UTF8*$!
{
	archiveVersion = 1;
	classes = {
	};
	objectVersion = 39;
	objects = {
		C437AF410562987C00ACFA1E = {
			fileEncoding = 30;
			isa = PBXFileReference;
			lastKnownFileType = sourcecode.c.h;
			name = PollGlib.h;
			path = bindings/polls/glib/PollGlib.h;
			refType = 2;
			sourceTree = SOURCE_ROOT;
		};
		C437AF420562987C00ACFA1E = {
			fileEncoding = 30;
			isa = PBXFileReference;
			lastKnownFileType = sourcecode.c.h;
			name = PollGlibFD.h;
			path = bindings/polls/glib/PollGlibFD.h;
			refType = 2;
			sourceTree = SOURCE_ROOT;
		};
		C437AF430562987C00ACFA1E = {
			fileEncoding = 30;
			isa = PBXFileReference;
			lastKnownFileType = sourcecode.c.h;
			name = PollGlibSource.h;
			path = bindings/polls/glib/PollGlibSource.h;
			refType = 2;
			sourceTree = SOURCE_ROOT;
		};
		C437AF440562987C00ACFA1E = {
			fileEncoding = 30;
			isa = PBXFileReference;
			lastKnownFileType = sourcecode.c.h;
			name = PollGlibVersion.h;
			path = bindings/polls/glib/PollGlibVersion.h;
			refType = 2;
			sourceTree = SOURCE_ROOT;
		};
		C43FBCE5054315B9008FC2ED = {
			children = (
				C4AD291A05FA259900AFB402,
				C45DC712056417FC00D8F8F4,
				C4BB15920544A6C100A800CF,
				C43FBE250543162E008FC2ED,
				C43FBCF2054315F2008FC2ED,
				C43FBCF1054315C5008FC2ED,
				C46345F405E11AA900B90E4E,
				C44CB2F205D804C50075E2A1,
				C485B1FE05B60252002F2D80,
			);
			isa = PBXGroup;
			refType = 4;
			sourceTree = "<group>";
		};
		C43FBCE7054315B9008FC2ED = {
			buildRules = (
			);
			buildSettings = {
				COPY_PHASE_STRIP = NO;
				GCC_DYNAMIC_NO_PIC = NO;
				GCC_ENABLE_FIX_AND_CONTINUE = YES;
				GCC_GENERATE_DEBUGGING_SYMBOLS = YES;
				GCC_OPTIMIZATION_LEVEL = 0;
				ZERO_LINK = YES;
			};
			isa = PBXBuildStyle;
			name = Development;
		};
		C43FBCE8054315B9008FC2ED = {
			buildRules = (
			);
			buildSettings = {
				COPY_PHASE_STRIP = YES;
				GCC_ENABLE_FIX_AND_CONTINUE = NO;
				ZERO_LINK = NO;
			};
			isa = PBXBuildStyle;
			name = Deployment;
		};
		C43FBCE9054315B9008FC2ED = {
			buildSettings = {
			};
			buildStyles = (
				C43FBCE7054315B9008FC2ED,
				C43FBCE8054315B9008FC2ED,
			);
			hasScannedForEncodings = 1;
			isa = PBXProject;
			mainGroup = C43FBCE5054315B9008FC2ED;
			productRefGroup = C43FBCF1054315C5008FC2ED;
			projectDirPath = "";
			projectReferences = (
				{
					ProductGroup = C44CB2F305D804C50075E2A1;
					ProjectRef = C44CB2F205D804C50075E2A1;
				},
				{
					ProductGroup = C485B1FF05B60252002F2D80;
					ProjectRef = C485B1FE05B60252002F2D80;
				},
				{
					ProductGroup = C46345F505E11AA900B90E4E;
					ProjectRef = C46345F405E11AA900B90E4E;
				},
			);
			targets = (
				C45DC3E60562F83D00D8F8F4,
			);
		};
		C43FBCF1054315C5008FC2ED = {
			children = (
				C45DC4310562F83D00D8F8F4,
			);
			isa = PBXGroup;
			name = Products;
			refType = 4;
			sourceTree = "<group>";
		};
		C43FBCF2054315F2008FC2ED = {
			children = (
				C43FBD1C054315F3008FC2ED,
				C43FBD20054315F3008FC2ED,
				C43FBD28054315F3008FC2ED,
				C43FBD35054315F3008FC2ED,
				C492F63C05E97D8500AFF6AE,
				C4E59E5905C050D7003934C3,
				C43FBD38054315F3008FC2ED,
				C4903CDC05E96B9D0014EFCA,
				C43FBD40054315F4008FC2ED,
				C43FBD44054315F4008FC2ED,
				C49FB08005EE989300E25C44,
				C43FBD4B054315F4008FC2ED,
				C43FBD4F054315F4008FC2ED,
				C43FBD54054315F4008FC2ED,
				C43FBD58054315F4008FC2ED,
				C43FBD5B054315F4008FC2ED,
				C43FBD5D054315F4008FC2ED,
				C437AF410562987C00ACFA1E,
				C437AF420562987C00ACFA1E,
				C437AF430562987C00ACFA1E,
				C437AF440562987C00ACFA1E,
				C492F63005E97AAB00AFF6AE,
				C43FBD62054315F4008FC2ED,
				C44E341C05D856FC005C5DF9,
				C43FBD66054315F4008FC2ED,
				C43FBD6B054315F4008FC2ED,
				C43FBD74054315F4008FC2ED,
				C43FBD78054315F4008FC2ED,
				C43FBD7C054315F4008FC2ED,
				C43FBD80054315F4008FC2ED,
				C4D7703405EA7B1D00423FA7,
			);
			isa = PBXGroup;
			name = Headers;
			path = Eris;
			refType = 4;
			sourceTree = "<group>";
		};
		C43FBD1B054315F3008FC2ED = {
			fileEncoding = 30;
			isa = PBXFileReference;
			lastKnownFileType = sourcecode.cpp.cpp;
			name = Avatar.cpp;
			path = Eris/Avatar.cpp;
			refType = 4;
			sourceTree = "<group>";
		};
		C43FBD1C054315F3008FC2ED = {
			fileEncoding = 30;
			isa = PBXFileReference;
			lastKnownFileType = sourcecode.c.h;
			path = Avatar.h;
			refType = 4;
			sourceTree = "<group>";
		};
		C43FBD1F054315F3008FC2ED = {
			fileEncoding = 30;
			isa = PBXFileReference;
			lastKnownFileType = sourcecode.cpp.cpp;
			name = BaseConnection.cpp;
			path = Eris/BaseConnection.cpp;
			refType = 4;
			sourceTree = "<group>";
		};
		C43FBD20054315F3008FC2ED = {
			fileEncoding = 30;
			isa = PBXFileReference;
			lastKnownFileType = sourcecode.c.h;
			path = BaseConnection.h;
			refType = 4;
			sourceTree = "<group>";
		};
		C43FBD27054315F3008FC2ED = {
			fileEncoding = 30;
			isa = PBXFileReference;
			lastKnownFileType = sourcecode.cpp.cpp;
			name = Connection.cpp;
			path = Eris/Connection.cpp;
			refType = 4;
			sourceTree = "<group>";
		};
		C43FBD28054315F3008FC2ED = {
			fileEncoding = 30;
			isa = PBXFileReference;
			lastKnownFileType = sourcecode.c.h;
			path = Connection.h;
			refType = 4;
			sourceTree = "<group>";
		};
		C43FBD34054315F3008FC2ED = {
			fileEncoding = 30;
			isa = PBXFileReference;
			lastKnownFileType = sourcecode.cpp.cpp;
			name = Entity.cpp;
			path = Eris/Entity.cpp;
			refType = 4;
			sourceTree = "<group>";
		};
		C43FBD35054315F3008FC2ED = {
			fileEncoding = 30;
			isa = PBXFileReference;
			lastKnownFileType = sourcecode.c.h;
			path = Entity.h;
			refType = 4;
			sourceTree = "<group>";
		};
		C43FBD38054315F3008FC2ED = {
			fileEncoding = 30;
			isa = PBXFileReference;
			lastKnownFileType = sourcecode.c.h;
			path = Factory.h;
			refType = 4;
			sourceTree = "<group>";
		};
		C43FBD3F054315F4008FC2ED = {
			fileEncoding = 30;
			isa = PBXFileReference;
			lastKnownFileType = sourcecode.cpp.cpp;
			name = Lobby.cpp;
			path = Eris/Lobby.cpp;
			refType = 4;
			sourceTree = "<group>";
		};
		C43FBD40054315F4008FC2ED = {
			fileEncoding = 30;
			isa = PBXFileReference;
			lastKnownFileType = sourcecode.c.h;
			path = Lobby.h;
			refType = 4;
			sourceTree = "<group>";
		};
		C43FBD43054315F4008FC2ED = {
			fileEncoding = 30;
			isa = PBXFileReference;
			lastKnownFileType = sourcecode.cpp.cpp;
			name = Log.cpp;
			path = Eris/Log.cpp;
			refType = 4;
			sourceTree = "<group>";
		};
		C43FBD44054315F4008FC2ED = {
			fileEncoding = 30;
			isa = PBXFileReference;
			lastKnownFileType = sourcecode.c.h;
			path = Log.h;
			refType = 4;
			sourceTree = "<group>";
		};
		C43FBD4A054315F4008FC2ED = {
			fileEncoding = 30;
			isa = PBXFileReference;
			lastKnownFileType = sourcecode.cpp.cpp;
			name = MetaQuery.cpp;
			path = Eris/MetaQuery.cpp;
			refType = 4;
			sourceTree = "<group>";
		};
		C43FBD4B054315F4008FC2ED = {
			fileEncoding = 30;
			isa = PBXFileReference;
			lastKnownFileType = sourcecode.c.h;
			path = MetaQuery.h;
			refType = 4;
			sourceTree = "<group>";
		};
		C43FBD4E054315F4008FC2ED = {
			fileEncoding = 30;
			isa = PBXFileReference;
			lastKnownFileType = sourcecode.cpp.cpp;
			name = Metaserver.cpp;
			path = Eris/Metaserver.cpp;
			refType = 4;
			sourceTree = "<group>";
		};
		C43FBD4F054315F4008FC2ED = {
			fileEncoding = 30;
			isa = PBXFileReference;
			lastKnownFileType = sourcecode.c.h;
			path = Metaserver.h;
			refType = 4;
			sourceTree = "<group>";
		};
		C43FBD53054315F4008FC2ED = {
			fileEncoding = 30;
			isa = PBXFileReference;
			lastKnownFileType = sourcecode.cpp.cpp;
			name = Person.cpp;
			path = Eris/Person.cpp;
			refType = 4;
			sourceTree = "<group>";
		};
		C43FBD54054315F4008FC2ED = {
			fileEncoding = 30;
			isa = PBXFileReference;
			lastKnownFileType = sourcecode.c.h;
			path = Person.h;
			refType = 4;
			sourceTree = "<group>";
		};
		C43FBD57054315F4008FC2ED = {
			fileEncoding = 30;
			isa = PBXFileReference;
			lastKnownFileType = sourcecode.cpp.cpp;
			name = Player.cpp;
			path = Eris/Player.cpp;
			refType = 4;
			sourceTree = "<group>";
		};
		C43FBD58054315F4008FC2ED = {
			fileEncoding = 30;
			isa = PBXFileReference;
			lastKnownFileType = sourcecode.c.h;
			path = Player.h;
			refType = 4;
			sourceTree = "<group>";
		};
		C43FBD5B054315F4008FC2ED = {
			fileEncoding = 30;
			isa = PBXFileReference;
			lastKnownFileType = sourcecode.c.h;
			path = Poll.h;
			refType = 4;
			sourceTree = "<group>";
		};
		C43FBD5C054315F4008FC2ED = {
			fileEncoding = 30;
			isa = PBXFileReference;
			lastKnownFileType = sourcecode.cpp.cpp;
			name = PollDefault.cpp;
			path = Eris/PollDefault.cpp;
			refType = 4;
			sourceTree = "<group>";
		};
		C43FBD5D054315F4008FC2ED = {
			fileEncoding = 30;
			isa = PBXFileReference;
			lastKnownFileType = sourcecode.c.h;
			path = PollDefault.h;
			refType = 4;
			sourceTree = "<group>";
		};
		C43FBD61054315F4008FC2ED = {
			fileEncoding = 30;
			isa = PBXFileReference;
			lastKnownFileType = sourcecode.cpp.cpp;
			name = Room.cpp;
			path = Eris/Room.cpp;
			refType = 4;
			sourceTree = "<group>";
		};
		C43FBD62054315F4008FC2ED = {
			fileEncoding = 30;
			isa = PBXFileReference;
			lastKnownFileType = sourcecode.c.h;
			path = Room.h;
			refType = 4;
			sourceTree = "<group>";
		};
		C43FBD65054315F4008FC2ED = {
			fileEncoding = 30;
			isa = PBXFileReference;
			lastKnownFileType = sourcecode.cpp.cpp;
			name = ServerInfo.cpp;
			path = Eris/ServerInfo.cpp;
			refType = 4;
			sourceTree = "<group>";
		};
		C43FBD66054315F4008FC2ED = {
			fileEncoding = 30;
			isa = PBXFileReference;
			lastKnownFileType = sourcecode.c.h;
			path = ServerInfo.h;
			refType = 4;
			sourceTree = "<group>";
		};
		C43FBD6A054315F4008FC2ED = {
			fileEncoding = 30;
			isa = PBXFileReference;
			lastKnownFileType = sourcecode.cpp.cpp;
			name = Timeout.cpp;
			path = Eris/Timeout.cpp;
			refType = 4;
			sourceTree = "<group>";
		};
		C43FBD6B054315F4008FC2ED = {
			fileEncoding = 30;
			isa = PBXFileReference;
			lastKnownFileType = sourcecode.c.h;
			path = Timeout.h;
			refType = 4;
			sourceTree = "<group>";
		};
		C43FBD73054315F4008FC2ED = {
			fileEncoding = 30;
			isa = PBXFileReference;
			lastKnownFileType = sourcecode.cpp.cpp;
			name = TypeInfo.cpp;
			path = Eris/TypeInfo.cpp;
			refType = 4;
			sourceTree = "<group>";
		};
		C43FBD74054315F4008FC2ED = {
			fileEncoding = 30;
			isa = PBXFileReference;
			lastKnownFileType = sourcecode.c.h;
			path = TypeInfo.h;
			refType = 4;
			sourceTree = "<group>";
		};
		C43FBD77054315F4008FC2ED = {
			fileEncoding = 30;
			isa = PBXFileReference;
			lastKnownFileType = sourcecode.cpp.cpp;
			name = Types.cpp;
			path = Eris/Types.cpp;
			refType = 4;
			sourceTree = "<group>";
		};
		C43FBD78054315F4008FC2ED = {
			fileEncoding = 30;
			isa = PBXFileReference;
			lastKnownFileType = sourcecode.c.h;
			path = Types.h;
			refType = 4;
			sourceTree = "<group>";
		};
		C43FBD7B054315F4008FC2ED = {
			fileEncoding = 30;
			isa = PBXFileReference;
			lastKnownFileType = sourcecode.cpp.cpp;
			name = typeService.cpp;
			path = Eris/typeService.cpp;
			refType = 4;
			sourceTree = "<group>";
		};
		C43FBD7C054315F4008FC2ED = {
			fileEncoding = 30;
			isa = PBXFileReference;
			lastKnownFileType = sourcecode.c.h;
			path = typeService.h;
			refType = 4;
			sourceTree = "<group>";
		};
		C43FBD7F054315F4008FC2ED = {
			fileEncoding = 30;
			isa = PBXFileReference;
			lastKnownFileType = sourcecode.cpp.cpp;
			name = UIFactory.cpp;
			path = Eris/UIFactory.cpp;
			refType = 4;
			sourceTree = "<group>";
		};
		C43FBD80054315F4008FC2ED = {
			fileEncoding = 30;
			isa = PBXFileReference;
			lastKnownFileType = sourcecode.c.h;
			path = UIFactory.h;
			refType = 4;
			sourceTree = "<group>";
		};
		C43FBE250543162E008FC2ED = {
			children = (
				C44E352E05D969F2005C5DF9,
				C4BB158B0544A61B00A800CF,
				C4BB158D0544A61B00A800CF,
			);
			isa = PBXGroup;
			name = Frameworks;
			refType = 4;
			sourceTree = "<group>";
		};
		C44784BD05F0E500004961A7 = {
			fileEncoding = 30;
			isa = PBXFileReference;
			lastKnownFileType = sourcecode.cpp.cpp;
			name = factory.cpp;
			path = Eris/factory.cpp;
			refType = 4;
			sourceTree = "<group>";
		};
		C44784BE05F0E500004961A7 = {
			fileRef = C44784BD05F0E500004961A7;
			isa = PBXBuildFile;
			settings = {
			};
		};
		C44CB2F205D804C50075E2A1 = {
			isa = PBXFileReference;
			lastKnownFileType = "wrapper.pb-project";
			name = Skstream.pbproj;
			path = /Users/jmt/Worldforge/forge/libs/skstream/Skstream.pbproj;
			refType = 0;
			sourceTree = "<absolute>";
		};
		C44CB2F305D804C50075E2A1 = {
			children = (
				C44CB2F405D804C60075E2A1,
				C44CB2F505D804C60075E2A1,
			);
			isa = PBXGroup;
			name = Products;
			refType = 4;
			sourceTree = "<group>";
		};
		C44CB2F405D804C60075E2A1 = {
			fileType = wrapper.framework;
			isa = PBXReferenceProxy;
			path = skstream.framework;
			refType = 3;
			remoteRef = C44CB2F805D804F20075E2A1;
			sourceTree = BUILT_PRODUCTS_DIR;
		};
		C44CB2F505D804C60075E2A1 = {
			fileType = "compiled.mach-o.executable";
			isa = PBXReferenceProxy;
			path = Ping;
			refType = 3;
			remoteRef = C44CB2F905D804F20075E2A1;
			sourceTree = BUILT_PRODUCTS_DIR;
		};
		C44CB2F605D804D30075E2A1 = {
			containerPortal = C44CB2F205D804C50075E2A1;
			isa = PBXContainerItemProxy;
			proxyType = 1;
			remoteGlobalIDString = C4C568AC055AF1D600944C0F;
			remoteInfo = skstream;
		};
		C44CB2F705D804D30075E2A1 = {
			isa = PBXTargetDependency;
			name = "skstream (from Skstream.pbproj)";
			targetProxy = C44CB2F605D804D30075E2A1;
		};
		C44CB2F805D804F20075E2A1 = {
			containerPortal = C44CB2F205D804C50075E2A1;
			isa = PBXContainerItemProxy;
			proxyType = 2;
			remoteGlobalIDString = C4C568BC055AF1D600944C0F;
			remoteInfo = skstream;
		};
		C44CB2F905D804F20075E2A1 = {
			containerPortal = C44CB2F205D804C50075E2A1;
			isa = PBXContainerItemProxy;
			proxyType = 2;
			remoteGlobalIDString = C4C568C8055AF1DC00944C0F;
			remoteInfo = Ping;
		};
		C44CB2FC05D8075A0075E2A1 = {
			fileRef = C44CB2F405D804C60075E2A1;
			isa = PBXBuildFile;
			settings = {
			};
		};
		C44E341C05D856FC005C5DF9 = {
			fileEncoding = 4;
			isa = PBXFileReference;
			lastKnownFileType = sourcecode.c.h;
			path = router.h;
			refType = 4;
			sourceTree = "<group>";
		};
		C44E341D05D856FC005C5DF9 = {
			fileRef = C44E341C05D856FC005C5DF9;
			isa = PBXBuildFile;
			settings = {
			};
		};
		C44E352E05D969F2005C5DF9 = {
			isa = PBXFileReference;
			lastKnownFileType = wrapper.framework;
			name = Atlas.framework;
			path = "/Users/jmt/Worldforge/forge/libs/HEAD-Atlas-C++/build/Atlas.framework";
			refType = 0;
			sourceTree = "<absolute>";
		};
		C44E352F05D969F2005C5DF9 = {
			fileRef = C44E352E05D969F2005C5DF9;
			isa = PBXBuildFile;
			settings = {
			};
		};
		C45668FE05F0CD1A0047D9EB = {
			fileEncoding = 30;
			isa = PBXFileReference;
			lastKnownFileType = sourcecode.cpp.cpp;
			name = router.cpp;
			path = Eris/router.cpp;
			refType = 4;
			sourceTree = "<group>";
		};
		C45668FF05F0CD1A0047D9EB = {
			fileRef = C45668FE05F0CD1A0047D9EB;
			isa = PBXBuildFile;
			settings = {
			};
		};
		C45DC3E60562F83D00D8F8F4 = {
			buildPhases = (
				C45DC3E70562F83D00D8F8F4,
				C45DC40F0562F83D00D8F8F4,
				C45DC4290562F83D00D8F8F4,
			);
			buildRules = (
			);
			buildSettings = {
				DYLIB_COMPATIBILITY_VERSION = 1;
				DYLIB_CURRENT_VERSION = 1;
				FRAMEWORK_SEARCH_PATHS = "/Users/jmt/Library/Frameworks /Users/jmt/Worldforge/forge/libs/HEAD-Atlas-C++/build";
				FRAMEWORK_VERSION = A;
				GCC_PRECOMPILE_PREFIX_HEADER = NO;
				GCC_PREFIX_HEADER = "";
				GCC_PREPROCESSOR_DEFINITIONS = ATLAS_ELEMENT_TYPEDEF_PRIVATE;
				GCC_WARN_FOUR_CHARACTER_CONSTANTS = NO;
				GCC_WARN_UNKNOWN_PRAGMAS = NO;
				INFOPLIST_FILE = "Info-eris__Upgraded_.plist";
				OTHER_CFLAGS = "";
				OTHER_LDFLAGS = "";
				OTHER_LIBTOOL_FLAGS = "";
				OTHER_REZFLAGS = "";
				PRINCIPAL_CLASS = "";
				PRODUCT_NAME = Eris;
				SECTORDER_FLAGS = "";
				WARNING_CFLAGS = "-Wall";
				WRAPPER_EXTENSION = framework;
			};
			comments = "The WorldForge client-side session layer, which simplifies Atlas communication for many clients.";
			dependencies = (
				C46345FA05E11ABB00B90E4E,
				C485B20705B60261002F2D80,
				C44CB2F705D804D30075E2A1,
			);
			isa = PBXNativeTarget;
			name = eris;
			productInstallPath = "$(LOCAL_LIBRARY_DIR)/Frameworks";
			productName = eris;
			productReference = C45DC4310562F83D00D8F8F4;
			productType = "com.apple.product-type.framework";
		};
		C45DC3E70562F83D00D8F8F4 = {
			buildActionMask = 2147483647;
			files = (
				C45DC3EA0562F83D00D8F8F4,
				C45DC3EB0562F83D00D8F8F4,
				C45DC3ED0562F83D00D8F8F4,
				C45DC3F10562F83D00D8F8F4,
				C45DC3F20562F83D00D8F8F4,
				C45DC3F50562F83D00D8F8F4,
				C45DC3F60562F83D00D8F8F4,
				C45DC3F70562F83D00D8F8F4,
				C45DC3F80562F83D00D8F8F4,
				C45DC3FA0562F83D00D8F8F4,
				C45DC3FB0562F83D00D8F8F4,
				C45DC3FC0562F83D00D8F8F4,
				C45DC3FD0562F83D00D8F8F4,
				C45DC3FF0562F83D00D8F8F4,
				C45DC4000562F83D00D8F8F4,
				C45DC4020562F83D00D8F8F4,
				C45DC4050562F83D00D8F8F4,
				C45DC4060562F83D00D8F8F4,
				C45DC4070562F83D00D8F8F4,
				C45DC40B0562F83D00D8F8F4,
				C45DC40C0562F83D00D8F8F4,
				C45DC40D0562F83D00D8F8F4,
				C45DC40E0562F83D00D8F8F4,
				C4E59E5B05C050D7003934C3,
				C44E341D05D856FC005C5DF9,
				C4903CDE05E96B9D0014EFCA,
				C492F63105E97AAB00AFF6AE,
				C492F63D05E97D8500AFF6AE,
				C4D7703505EA7B1D00423FA7,
				C49FB08105EE989300E25C44,
			);
			isa = PBXHeadersBuildPhase;
			runOnlyForDeploymentPostprocessing = 0;
		};
		C45DC3EA0562F83D00D8F8F4 = {
			fileRef = C43FBD1C054315F3008FC2ED;
			isa = PBXBuildFile;
			settings = {
				ATTRIBUTES = (
					Public,
				);
			};
		};
		C45DC3EB0562F83D00D8F8F4 = {
			fileRef = C43FBD20054315F3008FC2ED;
			isa = PBXBuildFile;
			settings = {
				ATTRIBUTES = (
					Private,
				);
			};
		};
		C45DC3ED0562F83D00D8F8F4 = {
			fileRef = C43FBD28054315F3008FC2ED;
			isa = PBXBuildFile;
			settings = {
				ATTRIBUTES = (
					Public,
				);
			};
		};
		C45DC3F10562F83D00D8F8F4 = {
			fileRef = C43FBD35054315F3008FC2ED;
			isa = PBXBuildFile;
			settings = {
				ATTRIBUTES = (
					Public,
				);
			};
		};
		C45DC3F20562F83D00D8F8F4 = {
			fileRef = C43FBD38054315F3008FC2ED;
			isa = PBXBuildFile;
			settings = {
				ATTRIBUTES = (
					Public,
				);
			};
		};
		C45DC3F50562F83D00D8F8F4 = {
			fileRef = C43FBD40054315F4008FC2ED;
			isa = PBXBuildFile;
			settings = {
				ATTRIBUTES = (
					Public,
				);
			};
		};
		C45DC3F60562F83D00D8F8F4 = {
			fileRef = C43FBD44054315F4008FC2ED;
			isa = PBXBuildFile;
			settings = {
				ATTRIBUTES = (
					Public,
				);
			};
		};
		C45DC3F70562F83D00D8F8F4 = {
			fileRef = C43FBD4B054315F4008FC2ED;
			isa = PBXBuildFile;
			settings = {
				ATTRIBUTES = (
					Private,
				);
			};
		};
		C45DC3F80562F83D00D8F8F4 = {
			fileRef = C43FBD4F054315F4008FC2ED;
			isa = PBXBuildFile;
			settings = {
				ATTRIBUTES = (
					Public,
				);
			};
		};
		C45DC3FA0562F83D00D8F8F4 = {
			fileRef = C43FBD54054315F4008FC2ED;
			isa = PBXBuildFile;
			settings = {
				ATTRIBUTES = (
					Public,
				);
			};
		};
		C45DC3FB0562F83D00D8F8F4 = {
			fileRef = C43FBD58054315F4008FC2ED;
			isa = PBXBuildFile;
			settings = {
				ATTRIBUTES = (
					Public,
				);
			};
		};
		C45DC3FC0562F83D00D8F8F4 = {
			fileRef = C43FBD5B054315F4008FC2ED;
			isa = PBXBuildFile;
			settings = {
				ATTRIBUTES = (
					Public,
				);
			};
		};
		C45DC3FD0562F83D00D8F8F4 = {
			fileRef = C43FBD5D054315F4008FC2ED;
			isa = PBXBuildFile;
			settings = {
				ATTRIBUTES = (
					Public,
				);
			};
		};
		C45DC3FF0562F83D00D8F8F4 = {
			fileRef = C43FBD62054315F4008FC2ED;
			isa = PBXBuildFile;
			settings = {
				ATTRIBUTES = (
					Public,
				);
			};
		};
		C45DC4000562F83D00D8F8F4 = {
			fileRef = C43FBD66054315F4008FC2ED;
			isa = PBXBuildFile;
			settings = {
				ATTRIBUTES = (
					Public,
				);
			};
		};
		C45DC4020562F83D00D8F8F4 = {
			fileRef = C43FBD6B054315F4008FC2ED;
			isa = PBXBuildFile;
			settings = {
				ATTRIBUTES = (
					Public,
				);
			};
		};
		C45DC4050562F83D00D8F8F4 = {
			fileRef = C43FBD74054315F4008FC2ED;
			isa = PBXBuildFile;
			settings = {
				ATTRIBUTES = (
					Public,
				);
			};
		};
		C45DC4060562F83D00D8F8F4 = {
			fileRef = C43FBD78054315F4008FC2ED;
			isa = PBXBuildFile;
			settings = {
				ATTRIBUTES = (
					Public,
				);
			};
		};
		C45DC4070562F83D00D8F8F4 = {
			fileRef = C43FBD7C054315F4008FC2ED;
			isa = PBXBuildFile;
			settings = {
				ATTRIBUTES = (
					Public,
				);
			};
		};
		C45DC40B0562F83D00D8F8F4 = {
			fileRef = C437AF410562987C00ACFA1E;
			isa = PBXBuildFile;
			settings = {
				ATTRIBUTES = (
					Public,
				);
			};
		};
		C45DC40C0562F83D00D8F8F4 = {
			fileRef = C437AF420562987C00ACFA1E;
			isa = PBXBuildFile;
			settings = {
				ATTRIBUTES = (
					Private,
				);
			};
		};
		C45DC40D0562F83D00D8F8F4 = {
			fileRef = C437AF430562987C00ACFA1E;
			isa = PBXBuildFile;
			settings = {
				ATTRIBUTES = (
					Private,
				);
			};
		};
		C45DC40E0562F83D00D8F8F4 = {
			fileRef = C437AF440562987C00ACFA1E;
			isa = PBXBuildFile;
			settings = {
				ATTRIBUTES = (
					Private,
				);
			};
		};
		C45DC40F0562F83D00D8F8F4 = {
			buildActionMask = 2147483647;
			files = (
				C45DC4110562F83D00D8F8F4,
				C45DC4120562F83D00D8F8F4,
				C45DC4140562F83D00D8F8F4,
				C45DC4170562F83D00D8F8F4,
				C45DC4190562F83D00D8F8F4,
				C45DC41A0562F83D00D8F8F4,
				C45DC41B0562F83D00D8F8F4,
				C45DC41C0562F83D00D8F8F4,
				C45DC41D0562F83D00D8F8F4,
				C45DC41E0562F83D00D8F8F4,
				C45DC41F0562F83D00D8F8F4,
				C45DC4200562F83D00D8F8F4,
				C45DC4210562F83D00D8F8F4,
				C45DC4220562F83D00D8F8F4,
				C45DC4230562F83D00D8F8F4,
				C45DC4240562F83D00D8F8F4,
				C45DC4250562F83D00D8F8F4,
				C4E59E5A05C050D7003934C3,
				C4903CDD05E96B9D0014EFCA,
				C492F64005E97DFF00AFF6AE,
				C4D7703A05EA7DB700423FA7,
				C46AF04E05EFE491002A86DA,
				C45668FF05F0CD1A0047D9EB,
				C44784BE05F0E500004961A7,
			);
			isa = PBXSourcesBuildPhase;
			runOnlyForDeploymentPostprocessing = 0;
		};
		C45DC4110562F83D00D8F8F4 = {
			fileRef = C43FBD1B054315F3008FC2ED;
			isa = PBXBuildFile;
			settings = {
			};
		};
		C45DC4120562F83D00D8F8F4 = {
			fileRef = C43FBD1F054315F3008FC2ED;
			isa = PBXBuildFile;
			settings = {
			};
		};
		C45DC4140562F83D00D8F8F4 = {
			fileRef = C43FBD27054315F3008FC2ED;
			isa = PBXBuildFile;
			settings = {
			};
		};
		C45DC4170562F83D00D8F8F4 = {
			fileRef = C43FBD34054315F3008FC2ED;
			isa = PBXBuildFile;
			settings = {
			};
		};
		C45DC4190562F83D00D8F8F4 = {
			fileRef = C43FBD3F054315F4008FC2ED;
			isa = PBXBuildFile;
			settings = {
			};
		};
		C45DC41A0562F83D00D8F8F4 = {
			fileRef = C43FBD43054315F4008FC2ED;
			isa = PBXBuildFile;
			settings = {
			};
		};
		C45DC41B0562F83D00D8F8F4 = {
			fileRef = C43FBD4A054315F4008FC2ED;
			isa = PBXBuildFile;
			settings = {
			};
		};
		C45DC41C0562F83D00D8F8F4 = {
			fileRef = C43FBD4E054315F4008FC2ED;
			isa = PBXBuildFile;
			settings = {
			};
		};
		C45DC41D0562F83D00D8F8F4 = {
			fileRef = C43FBD53054315F4008FC2ED;
			isa = PBXBuildFile;
			settings = {
			};
		};
		C45DC41E0562F83D00D8F8F4 = {
			fileRef = C43FBD57054315F4008FC2ED;
			isa = PBXBuildFile;
			settings = {
			};
		};
		C45DC41F0562F83D00D8F8F4 = {
			fileRef = C43FBD5C054315F4008FC2ED;
			isa = PBXBuildFile;
			settings = {
			};
		};
		C45DC4200562F83D00D8F8F4 = {
			fileRef = C43FBD61054315F4008FC2ED;
			isa = PBXBuildFile;
			settings = {
			};
		};
		C45DC4210562F83D00D8F8F4 = {
			fileRef = C43FBD65054315F4008FC2ED;
			isa = PBXBuildFile;
			settings = {
			};
		};
		C45DC4220562F83D00D8F8F4 = {
			fileRef = C43FBD6A054315F4008FC2ED;
			isa = PBXBuildFile;
			settings = {
			};
		};
		C45DC4230562F83D00D8F8F4 = {
			fileRef = C43FBD73054315F4008FC2ED;
			isa = PBXBuildFile;
			settings = {
			};
		};
		C45DC4240562F83D00D8F8F4 = {
			fileRef = C43FBD77054315F4008FC2ED;
			isa = PBXBuildFile;
			settings = {
			};
		};
		C45DC4250562F83D00D8F8F4 = {
			fileRef = C43FBD7B054315F4008FC2ED;
			isa = PBXBuildFile;
			settings = {
			};
		};
		C45DC4290562F83D00D8F8F4 = {
			buildActionMask = 2147483647;
			files = (
				C44CB2FC05D8075A0075E2A1,
				C45DC42B0562F83D00D8F8F4,
				C45DC42D0562F83D00D8F8F4,
				C44E352F05D969F2005C5DF9,
			);
			isa = PBXFrameworksBuildPhase;
			runOnlyForDeploymentPostprocessing = 0;
		};
		C45DC42B0562F83D00D8F8F4 = {
			fileRef = C4BB158B0544A61B00A800CF;
			isa = PBXBuildFile;
			settings = {
			};
		};
		C45DC42D0562F83D00D8F8F4 = {
			fileRef = C4BB158D0544A61B00A800CF;
			isa = PBXBuildFile;
			settings = {
			};
		};
		C45DC4310562F83D00D8F8F4 = {
			explicitFileType = wrapper.framework;
			includeInIndex = 0;
			isa = PBXFileReference;
			path = Eris.framework;
			refType = 3;
			sourceTree = BUILT_PRODUCTS_DIR;
		};
		C45DC712056417FC00D8F8F4 = {
			children = (
				C45DC7170564181900D8F8F4,
				C45DC7180564181900D8F8F4,
				C45DC7190564181900D8F8F4,
				C4AD293205FA32BD00AFB402,
			);
			isa = PBXGroup;
			name = Documentation;
			refType = 4;
			sourceTree = "<group>";
		};
		C45DC7170564181900D8F8F4 = {
			fileEncoding = 30;
			isa = PBXFileReference;
			lastKnownFileType = text;
			path = ChangeLog;
			refType = 4;
			sourceTree = "<group>";
		};
		C45DC7180564181900D8F8F4 = {
			fileEncoding = 30;
			isa = PBXFileReference;
			lastKnownFileType = text;
			path = README;
			refType = 4;
			sourceTree = "<group>";
		};
		C45DC7190564181900D8F8F4 = {
			fileEncoding = 30;
			isa = PBXFileReference;
			lastKnownFileType = text;
			path = TODO;
			refType = 4;
			sourceTree = "<group>";
		};
		C46345F405E11AA900B90E4E = {
			isa = PBXFileReference;
			lastKnownFileType = "wrapper.pb-project";
			name = Atlas.pbproj;
			path = "/Users/jmt/Worldforge/forge/libs/HEAD-Atlas-C++/Atlas.pbproj";
			refType = 0;
			sourceTree = "<absolute>";
		};
		C46345F505E11AA900B90E4E = {
			children = (
				C46345F705E11AA900B90E4E,
			);
			isa = PBXGroup;
			name = Products;
			refType = 4;
			sourceTree = "<group>";
		};
		C46345F705E11AA900B90E4E = {
			fileType = wrapper.framework;
			isa = PBXReferenceProxy;
			path = Atlas.framework;
			refType = 3;
			remoteRef = C46345FB05E11AC400B90E4E;
			sourceTree = BUILT_PRODUCTS_DIR;
		};
		C46345F905E11ABB00B90E4E = {
			containerPortal = C46345F405E11AA900B90E4E;
			isa = PBXContainerItemProxy;
			proxyType = 1;
			remoteGlobalIDString = C4C5683A055AEFDB00944C0F;
			remoteInfo = Atlas;
		};
		C46345FA05E11ABB00B90E4E = {
			isa = PBXTargetDependency;
			name = "Atlas (from Atlas.pbproj)";
			targetProxy = C46345F905E11ABB00B90E4E;
		};
		C46345FB05E11AC400B90E4E = {
			containerPortal = C46345F405E11AA900B90E4E;
			isa = PBXContainerItemProxy;
			proxyType = 2;
			remoteGlobalIDString = C4C5688D055AEFDB00944C0F;
			remoteInfo = Atlas;
		};
		C46AF04D05EFE491002A86DA = {
			fileEncoding = 30;
			isa = PBXFileReference;
			lastKnownFileType = sourcecode.cpp.cpp;
			name = redispatch.cpp;
			path = Eris/redispatch.cpp;
			refType = 4;
			sourceTree = "<group>";
		};
		C46AF04E05EFE491002A86DA = {
			fileRef = C46AF04D05EFE491002A86DA;
			isa = PBXBuildFile;
			settings = {
			};
		};
		C485B1FE05B60252002F2D80 = {
			isa = PBXFileReference;
			lastKnownFileType = "wrapper.pb-project";
			name = wfmath.pbproj;
			path = /Users/jmt/Worldforge/forge/libs/wfmath/wfmath.pbproj;
			refType = 0;
			sourceTree = "<absolute>";
		};
		C485B1FF05B60252002F2D80 = {
			children = (
				C485B20005B60252002F2D80,
				C485B20105B60252002F2D80,
				C485B20205B60252002F2D80,
				C485B20305B60252002F2D80,
				C485B20405B60252002F2D80,
				C485B20505B60252002F2D80,
				C4ED222305D0FCD0006B876D,
			);
			isa = PBXGroup;
			name = Products;
			refType = 4;
			sourceTree = "<group>";
		};
		C485B20005B60252002F2D80 = {
			fileType = wrapper.framework;
			isa = PBXReferenceProxy;
			path = wfmath.framework;
			refType = 3;
			remoteRef = C485B20805B60277002F2D80;
			sourceTree = BUILT_PRODUCTS_DIR;
		};
		C485B20105B60252002F2D80 = {
			fileType = "compiled.mach-o.executable";
			isa = PBXReferenceProxy;
			path = testQuaternion;
			refType = 3;
			remoteRef = C485B20905B60277002F2D80;
			sourceTree = BUILT_PRODUCTS_DIR;
		};
		C485B20205B60252002F2D80 = {
			fileType = "compiled.mach-o.executable";
			isa = PBXReferenceProxy;
			path = polygonTest;
			refType = 3;
			remoteRef = C485B20A05B60277002F2D80;
			sourceTree = BUILT_PRODUCTS_DIR;
		};
		C485B20305B60252002F2D80 = {
			fileType = "compiled.mach-o.executable";
			isa = PBXReferenceProxy;
			path = shapeTest;
			refType = 3;
			remoteRef = C485B20B05B60277002F2D80;
			sourceTree = BUILT_PRODUCTS_DIR;
		};
		C485B20405B60252002F2D80 = {
			fileType = "compiled.mach-o.executable";
			isa = PBXReferenceProxy;
			path = vectorTest;
			refType = 3;
			remoteRef = C485B20C05B60277002F2D80;
			sourceTree = BUILT_PRODUCTS_DIR;
		};
		C485B20505B60252002F2D80 = {
			fileType = "compiled.mach-o.executable";
			isa = PBXReferenceProxy;
			path = atlasTest;
			refType = 3;
			remoteRef = C485B20D05B60277002F2D80;
			sourceTree = BUILT_PRODUCTS_DIR;
		};
		C485B20605B60261002F2D80 = {
			containerPortal = C485B1FE05B60252002F2D80;
			isa = PBXContainerItemProxy;
			proxyType = 1;
			remoteGlobalIDString = C4C5690D055AF2C400944C0F;
			remoteInfo = wfmath;
		};
		C485B20705B60261002F2D80 = {
			isa = PBXTargetDependency;
			name = "wfmath (from wfmath.pbproj)";
			targetProxy = C485B20605B60261002F2D80;
		};
		C485B20805B60277002F2D80 = {
			containerPortal = C485B1FE05B60252002F2D80;
			isa = PBXContainerItemProxy;
			proxyType = 2;
			remoteGlobalIDString = C4C56943055AF2C400944C0F;
			remoteInfo = wfmath;
		};
		C485B20905B60277002F2D80 = {
			containerPortal = C485B1FE05B60252002F2D80;
			isa = PBXContainerItemProxy;
			proxyType = 2;
			remoteGlobalIDString = C4C5694E055AF2CB00944C0F;
			remoteInfo = testQuaternion;
		};
		C485B20A05B60277002F2D80 = {
			containerPortal = C485B1FE05B60252002F2D80;
			isa = PBXContainerItemProxy;
			proxyType = 2;
			remoteGlobalIDString = C4C56AFA055AF62200944C0F;
			remoteInfo = polygonTest;
		};
		C485B20B05B60277002F2D80 = {
			containerPortal = C485B1FE05B60252002F2D80;
			isa = PBXContainerItemProxy;
			proxyType = 2;
			remoteGlobalIDString = C4C56B0A055AF62F00944C0F;
			remoteInfo = shapeTest;
		};
		C485B20C05B60277002F2D80 = {
			containerPortal = C485B1FE05B60252002F2D80;
			isa = PBXContainerItemProxy;
			proxyType = 2;
			remoteGlobalIDString = C4C56B2C055AF69F00944C0F;
			remoteInfo = vectorTest;
		};
		C485B20D05B60277002F2D80 = {
			containerPortal = C485B1FE05B60252002F2D80;
			isa = PBXContainerItemProxy;
			proxyType = 2;
			remoteGlobalIDString = C4C56B39055AF6AE00944C0F;
			remoteInfo = atlasTest;
		};
		C4903CDB05E96B9D0014EFCA = {
			fileEncoding = 30;
			isa = PBXFileReference;
			lastKnownFileType = sourcecode.cpp.cpp;
			name = igRouter.cpp;
			path = Eris/igRouter.cpp;
			refType = 4;
			sourceTree = "<group>";
		};
		C4903CDC05E96B9D0014EFCA = {
			fileEncoding = 30;
			isa = PBXFileReference;
			lastKnownFileType = sourcecode.c.h;
			path = igRouter.h;
			refType = 4;
			sourceTree = "<group>";
		};
		C4903CDD05E96B9D0014EFCA = {
			fileRef = C4903CDB05E96B9D0014EFCA;
			isa = PBXBuildFile;
			settings = {
			};
		};
		C4903CDE05E96B9D0014EFCA = {
			fileRef = C4903CDC05E96B9D0014EFCA;
			isa = PBXBuildFile;
			settings = {
			};
		};
		C492F63005E97AAB00AFF6AE = {
			fileEncoding = 30;
			isa = PBXFileReference;
			lastKnownFileType = sourcecode.c.h;
			path = redispatch.h;
			refType = 4;
			sourceTree = "<group>";
		};
		C492F63105E97AAB00AFF6AE = {
			fileRef = C492F63005E97AAB00AFF6AE;
			isa = PBXBuildFile;
			settings = {
			};
		};
		C492F63C05E97D8500AFF6AE = {
			fileEncoding = 30;
			isa = PBXFileReference;
			lastKnownFileType = sourcecode.c.h;
			path = entityRouter.h;
			refType = 4;
			sourceTree = "<group>";
		};
		C492F63D05E97D8500AFF6AE = {
			fileRef = C492F63C05E97D8500AFF6AE;
			isa = PBXBuildFile;
			settings = {
			};
		};
		C492F63F05E97DFF00AFF6AE = {
			fileEncoding = 30;
			isa = PBXFileReference;
			lastKnownFileType = sourcecode.cpp.cpp;
			name = entityRouter.cpp;
			path = Eris/entityRouter.cpp;
			refType = 4;
			sourceTree = "<group>";
		};
		C492F64005E97DFF00AFF6AE = {
			fileRef = C492F63F05E97DFF00AFF6AE;
			isa = PBXBuildFile;
			settings = {
			};
		};
		C49FB08005EE989300E25C44 = {
			fileEncoding = 30;
			isa = PBXFileReference;
			lastKnownFileType = sourcecode.c.h;
			path = logStream.h;
			refType = 4;
			sourceTree = "<group>";
		};
		C49FB08105EE989300E25C44 = {
			fileRef = C49FB08005EE989300E25C44;
			isa = PBXBuildFile;
			settings = {
				ATTRIBUTES = (
					Private,
				);
			};
		};
		C4AD291A05FA259900AFB402 = {
			children = (
				C4AD291D05FA259900AFB402,
				C4AD291E05FA259900AFB402,
				C4AD291F05FA259900AFB402,
				C4AD292005FA259900AFB402,
				C4AD292105FA259900AFB402,
				C4AD292205FA259900AFB402,
				C4AD292305FA259900AFB402,
				C4AD292405FA259900AFB402,
				C4AD292505FA259900AFB402,
				C4AD292605FA259900AFB402,
				C4AD292705FA259900AFB402,
				C4AD292805FA259900AFB402,
				C4AD292905FA259A00AFB402,
				C4AD292A05FA259A00AFB402,
				C4AD292B05FA259A00AFB402,
				C4AD292C05FA259A00AFB402,
			);
			isa = PBXGroup;
			path = test;
			refType = 4;
			sourceTree = "<group>";
		};
		C4AD291D05FA259900AFB402 = {
			fileEncoding = 30;
			isa = PBXFileReference;
			lastKnownFileType = sourcecode.cpp.cpp;
			path = stubConnection.cpp;
			refType = 4;
			sourceTree = "<group>";
		};
		C4AD291E05FA259900AFB402 = {
			fileEncoding = 30;
			isa = PBXFileReference;
			lastKnownFileType = sourcecode.c.h;
			path = stubConnection.h;
			refType = 4;
			sourceTree = "<group>";
		};
		C4AD291F05FA259900AFB402 = {
			fileEncoding = 30;
			isa = PBXFileReference;
			lastKnownFileType = sourcecode.cpp.cpp;
			path = stubServer.cpp;
			refType = 4;
			sourceTree = "<group>";
		};
		C4AD292005FA259900AFB402 = {
			fileEncoding = 30;
			isa = PBXFileReference;
			lastKnownFileType = sourcecode.c.h;
			path = stubServer.h;
			refType = 4;
			sourceTree = "<group>";
		};
		C4AD292105FA259900AFB402 = {
			fileEncoding = 30;
			isa = PBXFileReference;
			lastKnownFileType = sourcecode.cpp.cpp;
			path = testConnection.cpp;
			refType = 4;
			sourceTree = "<group>";
		};
		C4AD292205FA259900AFB402 = {
			fileEncoding = 30;
			isa = PBXFileReference;
			lastKnownFileType = sourcecode.c.h;
			path = testConnection.h;
			refType = 4;
			sourceTree = "<group>";
		};
		C4AD292305FA259900AFB402 = {
			fileEncoding = 30;
			isa = PBXFileReference;
			lastKnownFileType = sourcecode.cpp.cpp;
			path = testEntity.cpp;
			refType = 4;
			sourceTree = "<group>";
		};
		C4AD292405FA259900AFB402 = {
			fileEncoding = 30;
			isa = PBXFileReference;
			lastKnownFileType = sourcecode.c.h;
			path = testEntity.h;
			refType = 4;
			sourceTree = "<group>";
		};
		C4AD292505FA259900AFB402 = {
			fileEncoding = 30;
			isa = PBXFileReference;
			lastKnownFileType = sourcecode.c.h;
			path = testHarness.h;
			refType = 4;
			sourceTree = "<group>";
		};
		C4AD292605FA259900AFB402 = {
			fileEncoding = 30;
			isa = PBXFileReference;
			lastKnownFileType = sourcecode.cpp.cpp;
			path = testLobby.cpp;
			refType = 4;
			sourceTree = "<group>";
		};
		C4AD292705FA259900AFB402 = {
			fileEncoding = 30;
			isa = PBXFileReference;
			lastKnownFileType = sourcecode.c.h;
			path = testLobby.h;
			refType = 4;
			sourceTree = "<group>";
		};
		C4AD292805FA259900AFB402 = {
			fileEncoding = 30;
			isa = PBXFileReference;
			lastKnownFileType = sourcecode.cpp.cpp;
			path = testPlayer.cpp;
			refType = 4;
			sourceTree = "<group>";
		};
		C4AD292905FA259A00AFB402 = {
			fileEncoding = 30;
			isa = PBXFileReference;
			lastKnownFileType = sourcecode.c.h;
			path = testPlayer.h;
			refType = 4;
			sourceTree = "<group>";
		};
		C4AD292A05FA259A00AFB402 = {
			fileEncoding = 30;
			isa = PBXFileReference;
			lastKnownFileType = sourcecode.cpp.cpp;
			path = tests.cpp;
			refType = 4;
			sourceTree = "<group>";
		};
		C4AD292B05FA259A00AFB402 = {
			fileEncoding = 30;
			isa = PBXFileReference;
			lastKnownFileType = sourcecode.cpp.cpp;
			path = testUtils.cpp;
			refType = 4;
			sourceTree = "<group>";
		};
		C4AD292C05FA259A00AFB402 = {
			fileEncoding = 30;
			isa = PBXFileReference;
			lastKnownFileType = sourcecode.c.h;
			path = testUtils.h;
			refType = 4;
			sourceTree = "<group>";
		};
		C4AD293205FA32BD00AFB402 = {
			fileEncoding = 30;
			isa = PBXFileReference;
			lastKnownFileType = text;
			name = Testcases;
			path = docs/Testcases;
			refType = 2;
			sourceTree = SOURCE_ROOT;
		};
		C4BB158B0544A61B00A800CF = {
			fallbackIsa = PBXFileReference;
			isa = PBXFrameworkReference;
			lastKnownFileType = wrapper.framework;
			name = "sigc++.framework";
			path = "/Users/jmt/Library/Frameworks/sigc++.framework";
			refType = 0;
			sourceTree = "<absolute>";
		};
		C4BB158D0544A61B00A800CF = {
			fallbackIsa = PBXFileReference;
			isa = PBXFrameworkReference;
			lastKnownFileType = wrapper.framework;
			name = wfmath.framework;
			path = /Users/jmt/Library/Frameworks/wfmath.framework;
			refType = 0;
			sourceTree = "<absolute>";
		};
		C4BB15920544A6C100A800CF = {
			children = (
				C44784BD05F0E500004961A7,
				C45668FE05F0CD1A0047D9EB,
				C46AF04D05EFE491002A86DA,
				C43FBD1B054315F3008FC2ED,
				C43FBD1F054315F3008FC2ED,
				C43FBD27054315F3008FC2ED,
				C43FBD34054315F3008FC2ED,
				C492F63F05E97DFF00AFF6AE,
				C4E59E5805C050D7003934C3,
				C4903CDB05E96B9D0014EFCA,
				C43FBD3F054315F4008FC2ED,
				C43FBD43054315F4008FC2ED,
				C43FBD4A054315F4008FC2ED,
				C43FBD4E054315F4008FC2ED,
				C43FBD53054315F4008FC2ED,
				C43FBD57054315F4008FC2ED,
				C43FBD5C054315F4008FC2ED,
				C43FBD61054315F4008FC2ED,
				C43FBD65054315F4008FC2ED,
				C43FBD6A054315F4008FC2ED,
				C43FBD73054315F4008FC2ED,
				C43FBD77054315F4008FC2ED,
				C43FBD7B054315F4008FC2ED,
				C43FBD7F054315F4008FC2ED,
				C4D7703905EA7DB700423FA7,
			);
			isa = PBXGroup;
			name = Source;
			refType = 4;
			sourceTree = "<group>";
		};
		C4D7703405EA7B1D00423FA7 = {
			fileEncoding = 30;
			isa = PBXFileReference;
			lastKnownFileType = sourcecode.c.h;
			path = view.h;
			refType = 4;
			sourceTree = "<group>";
		};
		C4D7703505EA7B1D00423FA7 = {
			fileRef = C4D7703405EA7B1D00423FA7;
			isa = PBXBuildFile;
			settings = {
			};
		};
		C4D7703905EA7DB700423FA7 = {
			fileEncoding = 30;
			isa = PBXFileReference;
			lastKnownFileType = sourcecode.cpp.cpp;
			name = view.cpp;
			path = Eris/view.cpp;
			refType = 4;
			sourceTree = "<group>";
		};
		C4D7703A05EA7DB700423FA7 = {
			fileRef = C4D7703905EA7DB700423FA7;
			isa = PBXBuildFile;
			settings = {
			};
		};
		C4E59E5805C050D7003934C3 = {
			fileEncoding = 30;
			isa = PBXFileReference;
			lastKnownFileType = sourcecode.cpp.cpp;
			name = Exceptions.cpp;
			path = Eris/Exceptions.cpp;
			refType = 4;
			sourceTree = "<group>";
		};
		C4E59E5905C050D7003934C3 = {
			fileEncoding = 30;
			isa = PBXFileReference;
			lastKnownFileType = sourcecode.c.h;
			path = Exceptions.h;
			refType = 4;
			sourceTree = "<group>";
		};
		C4E59E5A05C050D7003934C3 = {
			fileRef = C4E59E5805C050D7003934C3;
			isa = PBXBuildFile;
			settings = {
			};
		};
		C4E59E5B05C050D7003934C3 = {
			fileRef = C4E59E5905C050D7003934C3;
			isa = PBXBuildFile;
			settings = {
				ATTRIBUTES = (
					Public,
				);
			};
		};
		C4ED222305D0FCD0006B876D = {
			fileType = "compiled.mach-o.executable";
			isa = PBXReferenceProxy;
			path = timeTest;
			refType = 3;
			remoteRef = C4ED222405D0FCD2006B876D;
			sourceTree = BUILT_PRODUCTS_DIR;
		};
		C4ED222405D0FCD2006B876D = {
			containerPortal = C485B1FE05B60252002F2D80;
			isa = PBXContainerItemProxy;
			proxyType = 2;
			remoteGlobalIDString = C447BEF805C5D8AA00C5675E;
			remoteInfo = timeTest;
		};
	};
	rootObject = C43FBCE9054315B9008FC2ED;
}
